Microsoft Visual Studio Solution File, Format Version 12.00
# Visual Studio 14
Project("{8BC9CEB8-8B4A-11D0-8D11-00A0C91BC942}") = "ALL_BUILD", "ALL_BUILD.vcxproj", "{413EB7E9-1024-3D15-A617-5F7F660EAF8E}"
	ProjectSection(ProjectDependencies) = postProject
		{924A7378-1DAD-339B-B18C-685B29B87846} = {924A7378-1DAD-339B-B18C-685B29B87846}
		{5B82BF75-D24E-3265-AC7D-0F19C215E16D} = {5B82BF75-D24E-3265-AC7D-0F19C215E16D}
		{F660E9DF-70EF-3AC0-AE32-607A305BD950} = {F660E9DF-70EF-3AC0-AE32-607A305BD950}
		{94997FD2-3689-36E8-BA2D-2659C8ED6260} = {94997FD2-3689-36E8-BA2D-2659C8ED6260}
		{3483A8C4-6CA4-358F-92E6-81C8DAA1861C} = {3483A8C4-6CA4-358F-92E6-81C8DAA1861C}
		{8B2B66DC-AD42-399D-887E-FA29110552D5} = {8B2B66DC-AD42-399D-887E-FA29110552D5}
		{B050144B-A199-34E8-97CA-E4C9A90D13D7} = {B050144B-A199-34E8-97CA-E4C9A90D13D7}
		{BB9D5EDB-62F4-345A-B0EC-0745FCF82553} = {BB9D5EDB-62F4-345A-B0EC-0745FCF82553}
		{FBDBBEBE-DAB0-39BE-B21D-2D2D709F8559} = {FBDBBEBE-DAB0-39BE-B21D-2D2D709F8559}
		{8B7BCE8A-D543-37DD-BB37-436828D2C31A} = {8B7BCE8A-D543-37DD-BB37-436828D2C31A}
		{60541C76-5E26-3B8B-8168-AD0FD8032FDC} = {60541C76-5E26-3B8B-8168-AD0FD8032FDC}
		{520723B0-7966-311B-9963-D5D3824917C8} = {520723B0-7966-311B-9963-D5D3824917C8}
		{B353B080-7BD7-3BA3-8722-930B024EF50B} = {B353B080-7BD7-3BA3-8722-930B024EF50B}
		{025B193D-7871-3427-828C-E66AB7CF45A6} = {025B193D-7871-3427-828C-E66AB7CF45A6}
		{3DA85D63-A97F-3FB1-82DC-A1C91EA09E66} = {3DA85D63-A97F-3FB1-82DC-A1C91EA09E66}
		{56C76187-286D-34FE-B3F4-B1B22B446622} = {56C76187-286D-34FE-B3F4-B1B22B446622}
		{0E497FEA-166E-3010-9FE7-4F37290088AA} = {0E497FEA-166E-3010-9FE7-4F37290088AA}
		{CA846357-7B53-3675-A72C-BC3F6763931C} = {CA846357-7B53-3675-A72C-BC3F6763931C}
		{8C24EBAF-8D74-3B43-8739-E71A5060D15A} = {8C24EBAF-8D74-3B43-8739-E71A5060D15A}
		{9996E23A-4640-353E-8C09-163272084FA0} = {9996E23A-4640-353E-8C09-163272084FA0}
		{61BD8A7E-05CD-3DDE-9303-F61398A6492B} = {61BD8A7E-05CD-3DDE-9303-F61398A6492B}
		{2B115D12-777A-3FA1-B3DD-7C762E0AE87E} = {2B115D12-777A-3FA1-B3DD-7C762E0AE87E}
		{4CBF2DE4-CE3B-3541-87F3-D48DE711B27E} = {4CBF2DE4-CE3B-3541-87F3-D48DE711B27E}
		{3A8646E1-E765-30B1-B832-4CE2B1CBEF73} = {3A8646E1-E765-30B1-B832-4CE2B1CBEF73}
		{4A0073B4-612F-3ADF-9673-38856AA4271F} = {4A0073B4-612F-3ADF-9673-38856AA4271F}
		{30135CF3-4F7B-37CB-8B24-C5366236DABE} = {30135CF3-4F7B-37CB-8B24-C5366236DABE}
		{D82F85F9-B27F-3C5D-8012-1784A6D60E8D} = {D82F85F9-B27F-3C5D-8012-1784A6D60E8D}
		{F388CF3D-C3BD-329A-9E85-A49557B7AB01} = {F388CF3D-C3BD-329A-9E85-A49557B7AB01}
		{29B440E4-F709-33D5-B60B-F0FDE32EEA15} = {29B440E4-F709-33D5-B60B-F0FDE32EEA15}
		{8B3F9576-E2A0-323C-B4F2-C0A8E6564879} = {8B3F9576-E2A0-323C-B4F2-C0A8E6564879}
		{8F1F3B68-A5DD-3B39-9216-D752208DAD8A} = {8F1F3B68-A5DD-3B39-9216-D752208DAD8A}
		{4BEE1EC2-BB31-3D33-82DA-AEE30754B6BD} = {4BEE1EC2-BB31-3D33-82DA-AEE30754B6BD}
		{5A7EEABC-4745-3D79-9FF6-DB4EC4E73655} = {5A7EEABC-4745-3D79-9FF6-DB4EC4E73655}
		{08AD1D95-2749-35C6-9090-756133149758} = {08AD1D95-2749-35C6-9090-756133149758}
		{B04DC746-EF35-317F-ADFE-8D7D8EE02BB7} = {B04DC746-EF35-317F-ADFE-8D7D8EE02BB7}
		{C10051E8-B0A1-3AB6-9584-242F922A39EB} = {C10051E8-B0A1-3AB6-9584-242F922A39EB}
		{5D360A2C-1074-35E2-A970-E3A99635F216} = {5D360A2C-1074-35E2-A970-E3A99635F216}
		{2683AB32-A119-32B6-930D-ED6AEEDAD7BE} = {2683AB32-A119-32B6-930D-ED6AEEDAD7BE}
		{0017F25A-805B-3BE9-92A4-1F56737FA581} = {0017F25A-805B-3BE9-92A4-1F56737FA581}
		{F07A23C3-2FC8-39F7-AC79-8D8A2997C39E} = {F07A23C3-2FC8-39F7-AC79-8D8A2997C39E}
		{01E86AA8-B72F-384D-8F46-C9FA56FBE309} = {01E86AA8-B72F-384D-8F46-C9FA56FBE309}
		{79A32A01-1BE1-3F42-A7FA-A0840A728B79} = {79A32A01-1BE1-3F42-A7FA-A0840A728B79}
		{762CC6CC-BA18-3FD0-B5FE-8084294D1D4C} = {762CC6CC-BA18-3FD0-B5FE-8084294D1D4C}
		{726BA7F6-3062-322A-B365-FA69894695AA} = {726BA7F6-3062-322A-B365-FA69894695AA}
		{9EF31946-26E1-3924-8F12-FBB72D704666} = {9EF31946-26E1-3924-8F12-FBB72D704666}
		{23ADE82F-332D-358B-B5D6-06DBB2D85DCE} = {23ADE82F-332D-358B-B5D6-06DBB2D85DCE}
		{3A35FDD3-69D0-3BF6-A6CA-17EE9DC376A3} = {3A35FDD3-69D0-3BF6-A6CA-17EE9DC376A3}
		{4E00D133-74C3-344B-B5F9-133C0A75974E} = {4E00D133-74C3-344B-B5F9-133C0A75974E}
		{937CAB7B-9C7E-3A11-AAC7-E4BA6F35EDB7} = {937CAB7B-9C7E-3A11-AAC7-E4BA6F35EDB7}
		{CA4063AC-3FB9-38CC-89EE-F104BB4ECC75} = {CA4063AC-3FB9-38CC-89EE-F104BB4ECC75}
		{98F55BED-0698-3F40-8274-969C634E5065} = {98F55BED-0698-3F40-8274-969C634E5065}
		{9605D5BE-7DF4-3E80-A206-9B49D6F8BF91} = {9605D5BE-7DF4-3E80-A206-9B49D6F8BF91}
		{168443ED-B519-3F38-9AB7-094BBC505932} = {168443ED-B519-3F38-9AB7-094BBC505932}
		{5CE6E9F8-16F9-3BDB-8C64-C2A1D0634C43} = {5CE6E9F8-16F9-3BDB-8C64-C2A1D0634C43}
		{489D3755-342F-30AE-883E-3C3C011DB18A} = {489D3755-342F-30AE-883E-3C3C011DB18A}
		{8A1F2B24-ED8A-31F3-B1A1-720B71F91D8B} = {8A1F2B24-ED8A-31F3-B1A1-720B71F91D8B}
		{050046B2-F0F4-3BC1-B72A-A6B7C64D923F} = {050046B2-F0F4-3BC1-B72A-A6B7C64D923F}
		{1DD52097-8640-362E-B2C0-C77BA20F1EF4} = {1DD52097-8640-362E-B2C0-C77BA20F1EF4}
		{78BE4055-C1B8-3CF2-9B41-B0509D669AEA} = {78BE4055-C1B8-3CF2-9B41-B0509D669AEA}
		{854BF698-01B0-3A9D-B8A8-F026310019CE} = {854BF698-01B0-3A9D-B8A8-F026310019CE}
		{192BB843-AE29-3B87-8495-6DDBD3B0A825} = {192BB843-AE29-3B87-8495-6DDBD3B0A825}
		{2CB67416-0286-37FE-A59A-3346B019FE59} = {2CB67416-0286-37FE-A59A-3346B019FE59}
		{DF4586A7-A921-34CF-9ECB-D6F48B61D39A} = {DF4586A7-A921-34CF-9ECB-D6F48B61D39A}
		{F7BDB8C4-382C-3D6F-B3FC-2B09DBF5561A} = {F7BDB8C4-382C-3D6F-B3FC-2B09DBF5561A}
		{DA253EA2-14F1-3363-A63F-B003D00D9ADA} = {DA253EA2-14F1-3363-A63F-B003D00D9ADA}
		{44F777E5-C9FF-353F-9EF7-D56794801C91} = {44F777E5-C9FF-353F-9EF7-D56794801C91}
		{2017DE1D-A418-38D6-A599-EF1DEED0AF06} = {2017DE1D-A418-38D6-A599-EF1DEED0AF06}
	EndProjectSection
EndProject
Project("{8BC9CEB8-8B4A-11D0-8D11-00A0C91BC942}") = "INSTALL", "INSTALL.vcxproj", "{5A5E9CD4-F006-3C8D-B772-8E514727DDF8}"
	ProjectSection(ProjectDependencies) = postProject
		{413EB7E9-1024-3D15-A617-5F7F660EAF8E} = {413EB7E9-1024-3D15-A617-5F7F660EAF8E}
		{924A7378-1DAD-339B-B18C-685B29B87846} = {924A7378-1DAD-339B-B18C-685B29B87846}
	EndProjectSection
EndProject
Project("{8BC9CEB8-8B4A-11D0-8D11-00A0C91BC942}") = "ZERO_CHECK", "ZERO_CHECK.vcxproj", "{924A7378-1DAD-339B-B18C-685B29B87846}"
	ProjectSection(ProjectDependencies) = postProject
	EndProjectSection
EndProject
Project("{8BC9CEB8-8B4A-11D0-8D11-00A0C91BC942}") = "aom", "aom.vcxproj", "{5B82BF75-D24E-3265-AC7D-0F19C215E16D}"
	ProjectSection(ProjectDependencies) = postProject
		{924A7378-1DAD-339B-B18C-685B29B87846} = {924A7378-1DAD-339B-B18C-685B29B87846}
		{94997FD2-3689-36E8-BA2D-2659C8ED6260} = {94997FD2-3689-36E8-BA2D-2659C8ED6260}
		{3483A8C4-6CA4-358F-92E6-81C8DAA1861C} = {3483A8C4-6CA4-358F-92E6-81C8DAA1861C}
		{8B2B66DC-AD42-399D-887E-FA29110552D5} = {8B2B66DC-AD42-399D-887E-FA29110552D5}
		{B050144B-A199-34E8-97CA-E4C9A90D13D7} = {B050144B-A199-34E8-97CA-E4C9A90D13D7}
		{BB9D5EDB-62F4-345A-B0EC-0745FCF82553} = {BB9D5EDB-62F4-345A-B0EC-0745FCF82553}
		{FBDBBEBE-DAB0-39BE-B21D-2D2D709F8559} = {FBDBBEBE-DAB0-39BE-B21D-2D2D709F8559}
		{8B7BCE8A-D543-37DD-BB37-436828D2C31A} = {8B7BCE8A-D543-37DD-BB37-436828D2C31A}
		{60541C76-5E26-3B8B-8168-AD0FD8032FDC} = {60541C76-5E26-3B8B-8168-AD0FD8032FDC}
		{B353B080-7BD7-3BA3-8722-930B024EF50B} = {B353B080-7BD7-3BA3-8722-930B024EF50B}
		{025B193D-7871-3427-828C-E66AB7CF45A6} = {025B193D-7871-3427-828C-E66AB7CF45A6}
		{3DA85D63-A97F-3FB1-82DC-A1C91EA09E66} = {3DA85D63-A97F-3FB1-82DC-A1C91EA09E66}
		{8C24EBAF-8D74-3B43-8739-E71A5060D15A} = {8C24EBAF-8D74-3B43-8739-E71A5060D15A}
		{9996E23A-4640-353E-8C09-163272084FA0} = {9996E23A-4640-353E-8C09-163272084FA0}
		{61BD8A7E-05CD-3DDE-9303-F61398A6492B} = {61BD8A7E-05CD-3DDE-9303-F61398A6492B}
		{4CBF2DE4-CE3B-3541-87F3-D48DE711B27E} = {4CBF2DE4-CE3B-3541-87F3-D48DE711B27E}
		{3A8646E1-E765-30B1-B832-4CE2B1CBEF73} = {3A8646E1-E765-30B1-B832-4CE2B1CBEF73}
		{30135CF3-4F7B-37CB-8B24-C5366236DABE} = {30135CF3-4F7B-37CB-8B24-C5366236DABE}
		{D82F85F9-B27F-3C5D-8012-1784A6D60E8D} = {D82F85F9-B27F-3C5D-8012-1784A6D60E8D}
		{F388CF3D-C3BD-329A-9E85-A49557B7AB01} = {F388CF3D-C3BD-329A-9E85-A49557B7AB01}
		{29B440E4-F709-33D5-B60B-F0FDE32EEA15} = {29B440E4-F709-33D5-B60B-F0FDE32EEA15}
		{8F1F3B68-A5DD-3B39-9216-D752208DAD8A} = {8F1F3B68-A5DD-3B39-9216-D752208DAD8A}
		{4BEE1EC2-BB31-3D33-82DA-AEE30754B6BD} = {4BEE1EC2-BB31-3D33-82DA-AEE30754B6BD}
		{5A7EEABC-4745-3D79-9FF6-DB4EC4E73655} = {5A7EEABC-4745-3D79-9FF6-DB4EC4E73655}
		{C10051E8-B0A1-3AB6-9584-242F922A39EB} = {C10051E8-B0A1-3AB6-9584-242F922A39EB}
		{2683AB32-A119-32B6-930D-ED6AEEDAD7BE} = {2683AB32-A119-32B6-930D-ED6AEEDAD7BE}
		{0017F25A-805B-3BE9-92A4-1F56737FA581} = {0017F25A-805B-3BE9-92A4-1F56737FA581}
		{F07A23C3-2FC8-39F7-AC79-8D8A2997C39E} = {F07A23C3-2FC8-39F7-AC79-8D8A2997C39E}
	EndProjectSection
EndProject
Project("{8BC9CEB8-8B4A-11D0-8D11-00A0C91BC942}") = "aom_av1", "aom_av1.vcxproj", "{F660E9DF-70EF-3AC0-AE32-607A305BD950}"
	ProjectSection(ProjectDependencies) = postProject
		{924A7378-1DAD-339B-B18C-685B29B87846} = {924A7378-1DAD-339B-B18C-685B29B87846}
		{2683AB32-A119-32B6-930D-ED6AEEDAD7BE} = {2683AB32-A119-32B6-930D-ED6AEEDAD7BE}
	EndProjectSection
EndProject
Project("{8BC9CEB8-8B4A-11D0-8D11-00A0C91BC942}") = "aom_av1_common", "aom_av1_common.vcxproj", "{94997FD2-3689-36E8-BA2D-2659C8ED6260}"
	ProjectSection(ProjectDependencies) = postProject
		{924A7378-1DAD-339B-B18C-685B29B87846} = {924A7378-1DAD-339B-B18C-685B29B87846}
		{2683AB32-A119-32B6-930D-ED6AEEDAD7BE} = {2683AB32-A119-32B6-930D-ED6AEEDAD7BE}
	EndProjectSection
EndProject
Project("{8BC9CEB8-8B4A-11D0-8D11-00A0C91BC942}") = "aom_av1_common_avx2_intrinsics", "aom_av1_common_avx2_intrinsics.vcxproj", "{3483A8C4-6CA4-358F-92E6-81C8DAA1861C}"
	ProjectSection(ProjectDependencies) = postProject
		{924A7378-1DAD-339B-B18C-685B29B87846} = {924A7378-1DAD-339B-B18C-685B29B87846}
		{2683AB32-A119-32B6-930D-ED6AEEDAD7BE} = {2683AB32-A119-32B6-930D-ED6AEEDAD7BE}
	EndProjectSection
EndProject
Project("{8BC9CEB8-8B4A-11D0-8D11-00A0C91BC942}") = "aom_av1_common_sse2_intrinsics", "aom_av1_common_sse2_intrinsics.vcxproj", "{8B2B66DC-AD42-399D-887E-FA29110552D5}"
	ProjectSection(ProjectDependencies) = postProject
		{924A7378-1DAD-339B-B18C-685B29B87846} = {924A7378-1DAD-339B-B18C-685B29B87846}
		{2683AB32-A119-32B6-930D-ED6AEEDAD7BE} = {2683AB32-A119-32B6-930D-ED6AEEDAD7BE}
	EndProjectSection
EndProject
Project("{8BC9CEB8-8B4A-11D0-8D11-00A0C91BC942}") = "aom_av1_common_sse4_intrinsics", "aom_av1_common_sse4_intrinsics.vcxproj", "{B050144B-A199-34E8-97CA-E4C9A90D13D7}"
	ProjectSection(ProjectDependencies) = postProject
		{924A7378-1DAD-339B-B18C-685B29B87846} = {924A7378-1DAD-339B-B18C-685B29B87846}
		{2683AB32-A119-32B6-930D-ED6AEEDAD7BE} = {2683AB32-A119-32B6-930D-ED6AEEDAD7BE}
	EndProjectSection
EndProject
Project("{8BC9CEB8-8B4A-11D0-8D11-00A0C91BC942}") = "aom_av1_common_ssse3_intrinsics", "aom_av1_common_ssse3_intrinsics.vcxproj", "{BB9D5EDB-62F4-345A-B0EC-0745FCF82553}"
	ProjectSection(ProjectDependencies) = postProject
		{924A7378-1DAD-339B-B18C-685B29B87846} = {924A7378-1DAD-339B-B18C-685B29B87846}
		{2683AB32-A119-32B6-930D-ED6AEEDAD7BE} = {2683AB32-A119-32B6-930D-ED6AEEDAD7BE}
	EndProjectSection
EndProject
Project("{8BC9CEB8-8B4A-11D0-8D11-00A0C91BC942}") = "aom_av1_decoder", "aom_av1_decoder.vcxproj", "{FBDBBEBE-DAB0-39BE-B21D-2D2D709F8559}"
	ProjectSection(ProjectDependencies) = postProject
		{924A7378-1DAD-339B-B18C-685B29B87846} = {924A7378-1DAD-339B-B18C-685B29B87846}
		{2683AB32-A119-32B6-930D-ED6AEEDAD7BE} = {2683AB32-A119-32B6-930D-ED6AEEDAD7BE}
	EndProjectSection
EndProject
Project("{8BC9CEB8-8B4A-11D0-8D11-00A0C91BC942}") = "aom_av1_encoder", "aom_av1_encoder.vcxproj", "{8B7BCE8A-D543-37DD-BB37-436828D2C31A}"
	ProjectSection(ProjectDependencies) = postProject
		{924A7378-1DAD-339B-B18C-685B29B87846} = {924A7378-1DAD-339B-B18C-685B29B87846}
		{2683AB32-A119-32B6-930D-ED6AEEDAD7BE} = {2683AB32-A119-32B6-930D-ED6AEEDAD7BE}
	EndProjectSection
EndProject
Project("{8BC9CEB8-8B4A-11D0-8D11-00A0C91BC942}") = "aom_av1_encoder_avx2_intrinsics", "aom_av1_encoder_avx2_intrinsics.vcxproj", "{60541C76-5E26-3B8B-8168-AD0FD8032FDC}"
	ProjectSection(ProjectDependencies) = postProject
		{924A7378-1DAD-339B-B18C-685B29B87846} = {924A7378-1DAD-339B-B18C-685B29B87846}
		{2683AB32-A119-32B6-930D-ED6AEEDAD7BE} = {2683AB32-A119-32B6-930D-ED6AEEDAD7BE}
	EndProjectSection
EndProject
Project("{8BC9CEB8-8B4A-11D0-8D11-00A0C91BC942}") = "aom_av1_encoder_sse2", "aom_av1_encoder_sse2.vcxproj", "{520723B0-7966-311B-9963-D5D3824917C8}"
	ProjectSection(ProjectDependencies) = postProject
		{924A7378-1DAD-339B-B18C-685B29B87846} = {924A7378-1DAD-339B-B18C-685B29B87846}
		{2683AB32-A119-32B6-930D-ED6AEEDAD7BE} = {2683AB32-A119-32B6-930D-ED6AEEDAD7BE}
	EndProjectSection
EndProject
Project("{8BC9CEB8-8B4A-11D0-8D11-00A0C91BC942}") = "aom_av1_encoder_sse2_intrinsics", "aom_av1_encoder_sse2_intrinsics.vcxproj", "{B353B080-7BD7-3BA3-8722-930B024EF50B}"
	ProjectSection(ProjectDependencies) = postProject
		{924A7378-1DAD-339B-B18C-685B29B87846} = {924A7378-1DAD-339B-B18C-685B29B87846}
		{2683AB32-A119-32B6-930D-ED6AEEDAD7BE} = {2683AB32-A119-32B6-930D-ED6AEEDAD7BE}
	EndProjectSection
EndProject
Project("{8BC9CEB8-8B4A-11D0-8D11-00A0C91BC942}") = "aom_av1_encoder_sse42_intrinsics", "aom_av1_encoder_sse42_intrinsics.vcxproj", "{025B193D-7871-3427-828C-E66AB7CF45A6}"
	ProjectSection(ProjectDependencies) = postProject
		{924A7378-1DAD-339B-B18C-685B29B87846} = {924A7378-1DAD-339B-B18C-685B29B87846}
		{2683AB32-A119-32B6-930D-ED6AEEDAD7BE} = {2683AB32-A119-32B6-930D-ED6AEEDAD7BE}
	EndProjectSection
EndProject
Project("{8BC9CEB8-8B4A-11D0-8D11-00A0C91BC942}") = "aom_av1_encoder_sse4_intrinsics", "aom_av1_encoder_sse4_intrinsics.vcxproj", "{3DA85D63-A97F-3FB1-82DC-A1C91EA09E66}"
	ProjectSection(ProjectDependencies) = postProject
		{924A7378-1DAD-339B-B18C-685B29B87846} = {924A7378-1DAD-339B-B18C-685B29B87846}
		{2683AB32-A119-32B6-930D-ED6AEEDAD7BE} = {2683AB32-A119-32B6-930D-ED6AEEDAD7BE}
	EndProjectSection
EndProject
Project("{8BC9CEB8-8B4A-11D0-8D11-00A0C91BC942}") = "aom_common_app_util", "aom_common_app_util.vcxproj", "{56C76187-286D-34FE-B3F4-B1B22B446622}"
	ProjectSection(ProjectDependencies) = postProject
		{924A7378-1DAD-339B-B18C-685B29B87846} = {924A7378-1DAD-339B-B18C-685B29B87846}
	EndProjectSection
EndProject
Project("{8BC9CEB8-8B4A-11D0-8D11-00A0C91BC942}") = "aom_cx_set_ref", "aom_cx_set_ref.vcxproj", "{0E497FEA-166E-3010-9FE7-4F37290088AA}"
	ProjectSection(ProjectDependencies) = postProject
		{924A7378-1DAD-339B-B18C-685B29B87846} = {924A7378-1DAD-339B-B18C-685B29B87846}
		{5B82BF75-D24E-3265-AC7D-0F19C215E16D} = {5B82BF75-D24E-3265-AC7D-0F19C215E16D}
		{56C76187-286D-34FE-B3F4-B1B22B446622} = {56C76187-286D-34FE-B3F4-B1B22B446622}
		{08AD1D95-2749-35C6-9090-756133149758} = {08AD1D95-2749-35C6-9090-756133149758}
		{44F777E5-C9FF-353F-9EF7-D56794801C91} = {44F777E5-C9FF-353F-9EF7-D56794801C91}
		{2017DE1D-A418-38D6-A599-EF1DEED0AF06} = {2017DE1D-A418-38D6-A599-EF1DEED0AF06}
	EndProjectSection
EndProject
Project("{8BC9CEB8-8B4A-11D0-8D11-00A0C91BC942}") = "aom_decoder_app_util", "aom_decoder_app_util.vcxproj", "{CA846357-7B53-3675-A72C-BC3F6763931C}"
	ProjectSection(ProjectDependencies) = postProject
		{924A7378-1DAD-339B-B18C-685B29B87846} = {924A7378-1DAD-339B-B18C-685B29B87846}
		{2683AB32-A119-32B6-930D-ED6AEEDAD7BE} = {2683AB32-A119-32B6-930D-ED6AEEDAD7BE}
	EndProjectSection
EndProject
Project("{8BC9CEB8-8B4A-11D0-8D11-00A0C91BC942}") = "aom_dsp", "aom_dsp.vcxproj", "{8C24EBAF-8D74-3B43-8739-E71A5060D15A}"
	ProjectSection(ProjectDependencies) = postProject
		{924A7378-1DAD-339B-B18C-685B29B87846} = {924A7378-1DAD-339B-B18C-685B29B87846}
		{2683AB32-A119-32B6-930D-ED6AEEDAD7BE} = {2683AB32-A119-32B6-930D-ED6AEEDAD7BE}
	EndProjectSection
EndProject
Project("{8BC9CEB8-8B4A-11D0-8D11-00A0C91BC942}") = "aom_dsp_common", "aom_dsp_common.vcxproj", "{9996E23A-4640-353E-8C09-163272084FA0}"
	ProjectSection(ProjectDependencies) = postProject
		{924A7378-1DAD-339B-B18C-685B29B87846} = {924A7378-1DAD-339B-B18C-685B29B87846}
		{2683AB32-A119-32B6-930D-ED6AEEDAD7BE} = {2683AB32-A119-32B6-930D-ED6AEEDAD7BE}
	EndProjectSection
EndProject
Project("{8BC9CEB8-8B4A-11D0-8D11-00A0C91BC942}") = "aom_dsp_common_avx2_intrinsics", "aom_dsp_common_avx2_intrinsics.vcxproj", "{61BD8A7E-05CD-3DDE-9303-F61398A6492B}"
	ProjectSection(ProjectDependencies) = postProject
		{924A7378-1DAD-339B-B18C-685B29B87846} = {924A7378-1DAD-339B-B18C-685B29B87846}
		{2683AB32-A119-32B6-930D-ED6AEEDAD7BE} = {2683AB32-A119-32B6-930D-ED6AEEDAD7BE}
	EndProjectSection
EndProject
Project("{8BC9CEB8-8B4A-11D0-8D11-00A0C91BC942}") = "aom_dsp_common_sse2", "aom_dsp_common_sse2.vcxproj", "{2B115D12-777A-3FA1-B3DD-7C762E0AE87E}"
	ProjectSection(ProjectDependencies) = postProject
		{924A7378-1DAD-339B-B18C-685B29B87846} = {924A7378-1DAD-339B-B18C-685B29B87846}
		{2683AB32-A119-32B6-930D-ED6AEEDAD7BE} = {2683AB32-A119-32B6-930D-ED6AEEDAD7BE}
	EndProjectSection
EndProject
Project("{8BC9CEB8-8B4A-11D0-8D11-00A0C91BC942}") = "aom_dsp_common_sse2_intrinsics", "aom_dsp_common_sse2_intrinsics.vcxproj", "{4CBF2DE4-CE3B-3541-87F3-D48DE711B27E}"
	ProjectSection(ProjectDependencies) = postProject
		{924A7378-1DAD-339B-B18C-685B29B87846} = {924A7378-1DAD-339B-B18C-685B29B87846}
		{2683AB32-A119-32B6-930D-ED6AEEDAD7BE} = {2683AB32-A119-32B6-930D-ED6AEEDAD7BE}
	EndProjectSection
EndProject
Project("{8BC9CEB8-8B4A-11D0-8D11-00A0C91BC942}") = "aom_dsp_common_sse4_1_intrinsics", "aom_dsp_common_sse4_1_intrinsics.vcxproj", "{3A8646E1-E765-30B1-B832-4CE2B1CBEF73}"
	ProjectSection(ProjectDependencies) = postProject
		{924A7378-1DAD-339B-B18C-685B29B87846} = {924A7378-1DAD-339B-B18C-685B29B87846}
		{2683AB32-A119-32B6-930D-ED6AEEDAD7BE} = {2683AB32-A119-32B6-930D-ED6AEEDAD7BE}
	EndProjectSection
EndProject
Project("{8BC9CEB8-8B4A-11D0-8D11-00A0C91BC942}") = "aom_dsp_common_ssse3", "aom_dsp_common_ssse3.vcxproj", "{4A0073B4-612F-3ADF-9673-38856AA4271F}"
	ProjectSection(ProjectDependencies) = postProject
		{924A7378-1DAD-339B-B18C-685B29B87846} = {924A7378-1DAD-339B-B18C-685B29B87846}
		{2683AB32-A119-32B6-930D-ED6AEEDAD7BE} = {2683AB32-A119-32B6-930D-ED6AEEDAD7BE}
	EndProjectSection
EndProject
Project("{8BC9CEB8-8B4A-11D0-8D11-00A0C91BC942}") = "aom_dsp_common_ssse3_intrinsics", "aom_dsp_common_ssse3_intrinsics.vcxproj", "{30135CF3-4F7B-37CB-8B24-C5366236DABE}"
	ProjectSection(ProjectDependencies) = postProject
		{924A7378-1DAD-339B-B18C-685B29B87846} = {924A7378-1DAD-339B-B18C-685B29B87846}
		{2683AB32-A119-32B6-930D-ED6AEEDAD7BE} = {2683AB32-A119-32B6-930D-ED6AEEDAD7BE}
	EndProjectSection
EndProject
Project("{8BC9CEB8-8B4A-11D0-8D11-00A0C91BC942}") = "aom_dsp_decoder", "aom_dsp_decoder.vcxproj", "{D82F85F9-B27F-3C5D-8012-1784A6D60E8D}"
	ProjectSection(ProjectDependencies) = postProject
		{924A7378-1DAD-339B-B18C-685B29B87846} = {924A7378-1DAD-339B-B18C-685B29B87846}
		{2683AB32-A119-32B6-930D-ED6AEEDAD7BE} = {2683AB32-A119-32B6-930D-ED6AEEDAD7BE}
	EndProjectSection
EndProject
Project("{8BC9CEB8-8B4A-11D0-8D11-00A0C91BC942}") = "aom_dsp_encoder", "aom_dsp_encoder.vcxproj", "{F388CF3D-C3BD-329A-9E85-A49557B7AB01}"
	ProjectSection(ProjectDependencies) = postProject
		{924A7378-1DAD-339B-B18C-685B29B87846} = {924A7378-1DAD-339B-B18C-685B29B87846}
		{2683AB32-A119-32B6-930D-ED6AEEDAD7BE} = {2683AB32-A119-32B6-930D-ED6AEEDAD7BE}
	EndProjectSection
EndProject
Project("{8BC9CEB8-8B4A-11D0-8D11-00A0C91BC942}") = "aom_dsp_encoder_avx2_intrinsics", "aom_dsp_encoder_avx2_intrinsics.vcxproj", "{29B440E4-F709-33D5-B60B-F0FDE32EEA15}"
	ProjectSection(ProjectDependencies) = postProject
		{924A7378-1DAD-339B-B18C-685B29B87846} = {924A7378-1DAD-339B-B18C-685B29B87846}
		{2683AB32-A119-32B6-930D-ED6AEEDAD7BE} = {2683AB32-A119-32B6-930D-ED6AEEDAD7BE}
	EndProjectSection
EndProject
Project("{8BC9CEB8-8B4A-11D0-8D11-00A0C91BC942}") = "aom_dsp_encoder_sse2", "aom_dsp_encoder_sse2.vcxproj", "{8B3F9576-E2A0-323C-B4F2-C0A8E6564879}"
	ProjectSection(ProjectDependencies) = postProject
		{924A7378-1DAD-339B-B18C-685B29B87846} = {924A7378-1DAD-339B-B18C-685B29B87846}
		{2683AB32-A119-32B6-930D-ED6AEEDAD7BE} = {2683AB32-A119-32B6-930D-ED6AEEDAD7BE}
	EndProjectSection
EndProject
Project("{8BC9CEB8-8B4A-11D0-8D11-00A0C91BC942}") = "aom_dsp_encoder_sse2_intrinsics", "aom_dsp_encoder_sse2_intrinsics.vcxproj", "{8F1F3B68-A5DD-3B39-9216-D752208DAD8A}"
	ProjectSection(ProjectDependencies) = postProject
		{924A7378-1DAD-339B-B18C-685B29B87846} = {924A7378-1DAD-339B-B18C-685B29B87846}
		{2683AB32-A119-32B6-930D-ED6AEEDAD7BE} = {2683AB32-A119-32B6-930D-ED6AEEDAD7BE}
	EndProjectSection
EndProject
Project("{8BC9CEB8-8B4A-11D0-8D11-00A0C91BC942}") = "aom_dsp_encoder_sse4_1_intrinsics", "aom_dsp_encoder_sse4_1_intrinsics.vcxproj", "{4BEE1EC2-BB31-3D33-82DA-AEE30754B6BD}"
	ProjectSection(ProjectDependencies) = postProject
		{924A7378-1DAD-339B-B18C-685B29B87846} = {924A7378-1DAD-339B-B18C-685B29B87846}
		{2683AB32-A119-32B6-930D-ED6AEEDAD7BE} = {2683AB32-A119-32B6-930D-ED6AEEDAD7BE}
	EndProjectSection
EndProject
Project("{8BC9CEB8-8B4A-11D0-8D11-00A0C91BC942}") = "aom_dsp_encoder_ssse3_intrinsics", "aom_dsp_encoder_ssse3_intrinsics.vcxproj", "{5A7EEABC-4745-3D79-9FF6-DB4EC4E73655}"
	ProjectSection(ProjectDependencies) = postProject
		{924A7378-1DAD-339B-B18C-685B29B87846} = {924A7378-1DAD-339B-B18C-685B29B87846}
		{2683AB32-A119-32B6-930D-ED6AEEDAD7BE} = {2683AB32-A119-32B6-930D-ED6AEEDAD7BE}
	EndProjectSection
EndProject
Project("{8BC9CEB8-8B4A-11D0-8D11-00A0C91BC942}") = "aom_encoder_app_util", "aom_encoder_app_util.vcxproj", "{08AD1D95-2749-35C6-9090-756133149758}"
	ProjectSection(ProjectDependencies) = postProject
		{924A7378-1DAD-339B-B18C-685B29B87846} = {924A7378-1DAD-339B-B18C-685B29B87846}
	EndProjectSection
EndProject
Project("{8BC9CEB8-8B4A-11D0-8D11-00A0C91BC942}") = "aom_encoder_stats", "aom_encoder_stats.vcxproj", "{B04DC746-EF35-317F-ADFE-8D7D8EE02BB7}"
	ProjectSection(ProjectDependencies) = postProject
		{924A7378-1DAD-339B-B18C-685B29B87846} = {924A7378-1DAD-339B-B18C-685B29B87846}
		{2683AB32-A119-32B6-930D-ED6AEEDAD7BE} = {2683AB32-A119-32B6-930D-ED6AEEDAD7BE}
	EndProjectSection
EndProject
Project("{8BC9CEB8-8B4A-11D0-8D11-00A0C91BC942}") = "aom_mem", "aom_mem.vcxproj", "{C10051E8-B0A1-3AB6-9584-242F922A39EB}"
	ProjectSection(ProjectDependencies) = postProject
		{924A7378-1DAD-339B-B18C-685B29B87846} = {924A7378-1DAD-339B-B18C-685B29B87846}
		{2683AB32-A119-32B6-930D-ED6AEEDAD7BE} = {2683AB32-A119-32B6-930D-ED6AEEDAD7BE}
	EndProjectSection
EndProject
Project("{8BC9CEB8-8B4A-11D0-8D11-00A0C91BC942}") = "aom_ports", "aom_ports.vcxproj", "{5D360A2C-1074-35E2-A970-E3A99635F216}"
	ProjectSection(ProjectDependencies) = postProject
		{924A7378-1DAD-339B-B18C-685B29B87846} = {924A7378-1DAD-339B-B18C-685B29B87846}
		{2683AB32-A119-32B6-930D-ED6AEEDAD7BE} = {2683AB32-A119-32B6-930D-ED6AEEDAD7BE}
	EndProjectSection
EndProject
Project("{8BC9CEB8-8B4A-11D0-8D11-00A0C91BC942}") = "aom_rtcd", "aom_rtcd.vcxproj", "{2683AB32-A119-32B6-930D-ED6AEEDAD7BE}"
	ProjectSection(ProjectDependencies) = postProject
		{924A7378-1DAD-339B-B18C-685B29B87846} = {924A7378-1DAD-339B-B18C-685B29B87846}
		{01E86AA8-B72F-384D-8F46-C9FA56FBE309} = {01E86AA8-B72F-384D-8F46-C9FA56FBE309}
	EndProjectSection
EndProject
Project("{8BC9CEB8-8B4A-11D0-8D11-00A0C91BC942}") = "aom_scale", "aom_scale.vcxproj", "{0017F25A-805B-3BE9-92A4-1F56737FA581}"
	ProjectSection(ProjectDependencies) = postProject
		{924A7378-1DAD-339B-B18C-685B29B87846} = {924A7378-1DAD-339B-B18C-685B29B87846}
		{2683AB32-A119-32B6-930D-ED6AEEDAD7BE} = {2683AB32-A119-32B6-930D-ED6AEEDAD7BE}
	EndProjectSection
EndProject
Project("{8BC9CEB8-8B4A-11D0-8D11-00A0C91BC942}") = "aom_util", "aom_util.vcxproj", "{F07A23C3-2FC8-39F7-AC79-8D8A2997C39E}"
	ProjectSection(ProjectDependencies) = postProject
		{924A7378-1DAD-339B-B18C-685B29B87846} = {924A7378-1DAD-339B-B18C-685B29B87846}
		{2683AB32-A119-32B6-930D-ED6AEEDAD7BE} = {2683AB32-A119-32B6-930D-ED6AEEDAD7BE}
	EndProjectSection
EndProject
Project("{8BC9CEB8-8B4A-11D0-8D11-00A0C91BC942}") = "aom_version", "aom_version.vcxproj", "{01E86AA8-B72F-384D-8F46-C9FA56FBE309}"
	ProjectSection(ProjectDependencies) = postProject
		{924A7378-1DAD-339B-B18C-685B29B87846} = {924A7378-1DAD-339B-B18C-685B29B87846}
		{0E532A11-B46B-3A17-BD2B-62AC858EA333} = {0E532A11-B46B-3A17-BD2B-62AC858EA333}
	EndProjectSection
EndProject
Project("{8BC9CEB8-8B4A-11D0-8D11-00A0C91BC942}") = "aom_version_check", "aom_version_check.vcxproj", "{0E532A11-B46B-3A17-BD2B-62AC858EA333}"
	ProjectSection(ProjectDependencies) = postProject
		{924A7378-1DAD-339B-B18C-685B29B87846} = {924A7378-1DAD-339B-B18C-685B29B87846}
	EndProjectSection
EndProject
Project("{8BC9CEB8-8B4A-11D0-8D11-00A0C91BC942}") = "aomdec", "aomdec.vcxproj", "{79A32A01-1BE1-3F42-A7FA-A0840A728B79}"
	ProjectSection(ProjectDependencies) = postProject
		{924A7378-1DAD-339B-B18C-685B29B87846} = {924A7378-1DAD-339B-B18C-685B29B87846}
		{5B82BF75-D24E-3265-AC7D-0F19C215E16D} = {5B82BF75-D24E-3265-AC7D-0F19C215E16D}
		{56C76187-286D-34FE-B3F4-B1B22B446622} = {56C76187-286D-34FE-B3F4-B1B22B446622}
		{CA846357-7B53-3675-A72C-BC3F6763931C} = {CA846357-7B53-3675-A72C-BC3F6763931C}
		{44F777E5-C9FF-353F-9EF7-D56794801C91} = {44F777E5-C9FF-353F-9EF7-D56794801C91}
		{2017DE1D-A418-38D6-A599-EF1DEED0AF06} = {2017DE1D-A418-38D6-A599-EF1DEED0AF06}
	EndProjectSection
EndProject
Project("{8BC9CEB8-8B4A-11D0-8D11-00A0C91BC942}") = "aomenc", "aomenc.vcxproj", "{762CC6CC-BA18-3FD0-B5FE-8084294D1D4C}"
	ProjectSection(ProjectDependencies) = postProject
		{924A7378-1DAD-339B-B18C-685B29B87846} = {924A7378-1DAD-339B-B18C-685B29B87846}
		{5B82BF75-D24E-3265-AC7D-0F19C215E16D} = {5B82BF75-D24E-3265-AC7D-0F19C215E16D}
		{56C76187-286D-34FE-B3F4-B1B22B446622} = {56C76187-286D-34FE-B3F4-B1B22B446622}
		{08AD1D95-2749-35C6-9090-756133149758} = {08AD1D95-2749-35C6-9090-756133149758}
		{B04DC746-EF35-317F-ADFE-8D7D8EE02BB7} = {B04DC746-EF35-317F-ADFE-8D7D8EE02BB7}
		{44F777E5-C9FF-353F-9EF7-D56794801C91} = {44F777E5-C9FF-353F-9EF7-D56794801C91}
		{2017DE1D-A418-38D6-A599-EF1DEED0AF06} = {2017DE1D-A418-38D6-A599-EF1DEED0AF06}
	EndProjectSection
EndProject
Project("{8BC9CEB8-8B4A-11D0-8D11-00A0C91BC942}") = "decode_to_md5", "decode_to_md5.vcxproj", "{726BA7F6-3062-322A-B365-FA69894695AA}"
	ProjectSection(ProjectDependencies) = postProject
		{924A7378-1DAD-339B-B18C-685B29B87846} = {924A7378-1DAD-339B-B18C-685B29B87846}
		{5B82BF75-D24E-3265-AC7D-0F19C215E16D} = {5B82BF75-D24E-3265-AC7D-0F19C215E16D}
		{56C76187-286D-34FE-B3F4-B1B22B446622} = {56C76187-286D-34FE-B3F4-B1B22B446622}
		{CA846357-7B53-3675-A72C-BC3F6763931C} = {CA846357-7B53-3675-A72C-BC3F6763931C}
		{44F777E5-C9FF-353F-9EF7-D56794801C91} = {44F777E5-C9FF-353F-9EF7-D56794801C91}
		{2017DE1D-A418-38D6-A599-EF1DEED0AF06} = {2017DE1D-A418-38D6-A599-EF1DEED0AF06}
	EndProjectSection
EndProject
Project("{8BC9CEB8-8B4A-11D0-8D11-00A0C91BC942}") = "decode_with_drops", "decode_with_drops.vcxproj", "{9EF31946-26E1-3924-8F12-FBB72D704666}"
	ProjectSection(ProjectDependencies) = postProject
		{924A7378-1DAD-339B-B18C-685B29B87846} = {924A7378-1DAD-339B-B18C-685B29B87846}
		{5B82BF75-D24E-3265-AC7D-0F19C215E16D} = {5B82BF75-D24E-3265-AC7D-0F19C215E16D}
		{56C76187-286D-34FE-B3F4-B1B22B446622} = {56C76187-286D-34FE-B3F4-B1B22B446622}
		{CA846357-7B53-3675-A72C-BC3F6763931C} = {CA846357-7B53-3675-A72C-BC3F6763931C}
		{44F777E5-C9FF-353F-9EF7-D56794801C91} = {44F777E5-C9FF-353F-9EF7-D56794801C91}
		{2017DE1D-A418-38D6-A599-EF1DEED0AF06} = {2017DE1D-A418-38D6-A599-EF1DEED0AF06}
	EndProjectSection
EndProject
Project("{8BC9CEB8-8B4A-11D0-8D11-00A0C91BC942}") = "dist", "dist.vcxproj", "{6BFC7F68-212C-381A-8FB8-4B8E3D6E647A}"
	ProjectSection(ProjectDependencies) = postProject
		{924A7378-1DAD-339B-B18C-685B29B87846} = {924A7378-1DAD-339B-B18C-685B29B87846}
		{5B82BF75-D24E-3265-AC7D-0F19C215E16D} = {5B82BF75-D24E-3265-AC7D-0F19C215E16D}
		{0E497FEA-166E-3010-9FE7-4F37290088AA} = {0E497FEA-166E-3010-9FE7-4F37290088AA}
		{79A32A01-1BE1-3F42-A7FA-A0840A728B79} = {79A32A01-1BE1-3F42-A7FA-A0840A728B79}
		{762CC6CC-BA18-3FD0-B5FE-8084294D1D4C} = {762CC6CC-BA18-3FD0-B5FE-8084294D1D4C}
		{726BA7F6-3062-322A-B365-FA69894695AA} = {726BA7F6-3062-322A-B365-FA69894695AA}
		{9EF31946-26E1-3924-8F12-FBB72D704666} = {9EF31946-26E1-3924-8F12-FBB72D704666}
		{23ADE82F-332D-358B-B5D6-06DBB2D85DCE} = {23ADE82F-332D-358B-B5D6-06DBB2D85DCE}
		{3A35FDD3-69D0-3BF6-A6CA-17EE9DC376A3} = {3A35FDD3-69D0-3BF6-A6CA-17EE9DC376A3}
		{4E00D133-74C3-344B-B5F9-133C0A75974E} = {4E00D133-74C3-344B-B5F9-133C0A75974E}
		{937CAB7B-9C7E-3A11-AAC7-E4BA6F35EDB7} = {937CAB7B-9C7E-3A11-AAC7-E4BA6F35EDB7}
		{CA4063AC-3FB9-38CC-89EE-F104BB4ECC75} = {CA4063AC-3FB9-38CC-89EE-F104BB4ECC75}
		{98F55BED-0698-3F40-8274-969C634E5065} = {98F55BED-0698-3F40-8274-969C634E5065}
		{9605D5BE-7DF4-3E80-A206-9B49D6F8BF91} = {9605D5BE-7DF4-3E80-A206-9B49D6F8BF91}
		{168443ED-B519-3F38-9AB7-094BBC505932} = {168443ED-B519-3F38-9AB7-094BBC505932}
		{489D3755-342F-30AE-883E-3C3C011DB18A} = {489D3755-342F-30AE-883E-3C3C011DB18A}
		{8A1F2B24-ED8A-31F3-B1A1-720B71F91D8B} = {8A1F2B24-ED8A-31F3-B1A1-720B71F91D8B}
		{050046B2-F0F4-3BC1-B72A-A6B7C64D923F} = {050046B2-F0F4-3BC1-B72A-A6B7C64D923F}
		{1DD52097-8640-362E-B2C0-C77BA20F1EF4} = {1DD52097-8640-362E-B2C0-C77BA20F1EF4}
		{78BE4055-C1B8-3CF2-9B41-B0509D669AEA} = {78BE4055-C1B8-3CF2-9B41-B0509D669AEA}
		{DA253EA2-14F1-3363-A63F-B003D00D9ADA} = {DA253EA2-14F1-3363-A63F-B003D00D9ADA}
	EndProjectSection
EndProject
Project("{8BC9CEB8-8B4A-11D0-8D11-00A0C91BC942}") = "docs", "docs.vcxproj", "{23ADE82F-332D-358B-B5D6-06DBB2D85DCE}"
	ProjectSection(ProjectDependencies) = postProject
		{924A7378-1DAD-339B-B18C-685B29B87846} = {924A7378-1DAD-339B-B18C-685B29B87846}
	EndProjectSection
EndProject
Project("{8BC9CEB8-8B4A-11D0-8D11-00A0C91BC942}") = "dump_obu", "dump_obu.vcxproj", "{3A35FDD3-69D0-3BF6-A6CA-17EE9DC376A3}"
	ProjectSection(ProjectDependencies) = postProject
		{924A7378-1DAD-339B-B18C-685B29B87846} = {924A7378-1DAD-339B-B18C-685B29B87846}
		{5B82BF75-D24E-3265-AC7D-0F19C215E16D} = {5B82BF75-D24E-3265-AC7D-0F19C215E16D}
		{56C76187-286D-34FE-B3F4-B1B22B446622} = {56C76187-286D-34FE-B3F4-B1B22B446622}
		{CA846357-7B53-3675-A72C-BC3F6763931C} = {CA846357-7B53-3675-A72C-BC3F6763931C}
		{44F777E5-C9FF-353F-9EF7-D56794801C91} = {44F777E5-C9FF-353F-9EF7-D56794801C91}
		{2017DE1D-A418-38D6-A599-EF1DEED0AF06} = {2017DE1D-A418-38D6-A599-EF1DEED0AF06}
	EndProjectSection
EndProject
Project("{8BC9CEB8-8B4A-11D0-8D11-00A0C91BC942}") = "gtest", "third_party\googletest\src\googletest\gtest.vcxproj", "{BC548D5A-5668-325E-8E32-BD59B0D5E8AD}"
	ProjectSection(ProjectDependencies) = postProject
		{924A7378-1DAD-339B-B18C-685B29B87846} = {924A7378-1DAD-339B-B18C-685B29B87846}
	EndProjectSection
EndProject
Project("{8BC9CEB8-8B4A-11D0-8D11-00A0C91BC942}") = "lightfield_bitstream_parsing", "lightfield_bitstream_parsing.vcxproj", "{4E00D133-74C3-344B-B5F9-133C0A75974E}"
	ProjectSection(ProjectDependencies) = postProject
		{924A7378-1DAD-339B-B18C-685B29B87846} = {924A7378-1DAD-339B-B18C-685B29B87846}
		{5B82BF75-D24E-3265-AC7D-0F19C215E16D} = {5B82BF75-D24E-3265-AC7D-0F19C215E16D}
		{56C76187-286D-34FE-B3F4-B1B22B446622} = {56C76187-286D-34FE-B3F4-B1B22B446622}
		{CA846357-7B53-3675-A72C-BC3F6763931C} = {CA846357-7B53-3675-A72C-BC3F6763931C}
		{08AD1D95-2749-35C6-9090-756133149758} = {08AD1D95-2749-35C6-9090-756133149758}
		{44F777E5-C9FF-353F-9EF7-D56794801C91} = {44F777E5-C9FF-353F-9EF7-D56794801C91}
		{2017DE1D-A418-38D6-A599-EF1DEED0AF06} = {2017DE1D-A418-38D6-A599-EF1DEED0AF06}
	EndProjectSection
EndProject
Project("{8BC9CEB8-8B4A-11D0-8D11-00A0C91BC942}") = "lightfield_decoder", "lightfield_decoder.vcxproj", "{937CAB7B-9C7E-3A11-AAC7-E4BA6F35EDB7}"
	ProjectSection(ProjectDependencies) = postProject
		{924A7378-1DAD-339B-B18C-685B29B87846} = {924A7378-1DAD-339B-B18C-685B29B87846}
		{5B82BF75-D24E-3265-AC7D-0F19C215E16D} = {5B82BF75-D24E-3265-AC7D-0F19C215E16D}
		{56C76187-286D-34FE-B3F4-B1B22B446622} = {56C76187-286D-34FE-B3F4-B1B22B446622}
		{CA846357-7B53-3675-A72C-BC3F6763931C} = {CA846357-7B53-3675-A72C-BC3F6763931C}
		{44F777E5-C9FF-353F-9EF7-D56794801C91} = {44F777E5-C9FF-353F-9EF7-D56794801C91}
		{2017DE1D-A418-38D6-A599-EF1DEED0AF06} = {2017DE1D-A418-38D6-A599-EF1DEED0AF06}
	EndProjectSection
EndProject
Project("{8BC9CEB8-8B4A-11D0-8D11-00A0C91BC942}") = "lightfield_encoder", "lightfield_encoder.vcxproj", "{CA4063AC-3FB9-38CC-89EE-F104BB4ECC75}"
	ProjectSection(ProjectDependencies) = postProject
		{924A7378-1DAD-339B-B18C-685B29B87846} = {924A7378-1DAD-339B-B18C-685B29B87846}
		{5B82BF75-D24E-3265-AC7D-0F19C215E16D} = {5B82BF75-D24E-3265-AC7D-0F19C215E16D}
		{56C76187-286D-34FE-B3F4-B1B22B446622} = {56C76187-286D-34FE-B3F4-B1B22B446622}
		{08AD1D95-2749-35C6-9090-756133149758} = {08AD1D95-2749-35C6-9090-756133149758}
		{44F777E5-C9FF-353F-9EF7-D56794801C91} = {44F777E5-C9FF-353F-9EF7-D56794801C91}
		{2017DE1D-A418-38D6-A599-EF1DEED0AF06} = {2017DE1D-A418-38D6-A599-EF1DEED0AF06}
	EndProjectSection
EndProject
Project("{8BC9CEB8-8B4A-11D0-8D11-00A0C91BC942}") = "lightfield_tile_list_decoder", "lightfield_tile_list_decoder.vcxproj", "{98F55BED-0698-3F40-8274-969C634E5065}"
	ProjectSection(ProjectDependencies) = postProject
		{924A7378-1DAD-339B-B18C-685B29B87846} = {924A7378-1DAD-339B-B18C-685B29B87846}
		{5B82BF75-D24E-3265-AC7D-0F19C215E16D} = {5B82BF75-D24E-3265-AC7D-0F19C215E16D}
		{56C76187-286D-34FE-B3F4-B1B22B446622} = {56C76187-286D-34FE-B3F4-B1B22B446622}
		{CA846357-7B53-3675-A72C-BC3F6763931C} = {CA846357-7B53-3675-A72C-BC3F6763931C}
		{44F777E5-C9FF-353F-9EF7-D56794801C91} = {44F777E5-C9FF-353F-9EF7-D56794801C91}
		{2017DE1D-A418-38D6-A599-EF1DEED0AF06} = {2017DE1D-A418-38D6-A599-EF1DEED0AF06}
	EndProjectSection
EndProject
Project("{8BC9CEB8-8B4A-11D0-8D11-00A0C91BC942}") = "lossless_encoder", "lossless_encoder.vcxproj", "{9605D5BE-7DF4-3E80-A206-9B49D6F8BF91}"
	ProjectSection(ProjectDependencies) = postProject
		{924A7378-1DAD-339B-B18C-685B29B87846} = {924A7378-1DAD-339B-B18C-685B29B87846}
		{5B82BF75-D24E-3265-AC7D-0F19C215E16D} = {5B82BF75-D24E-3265-AC7D-0F19C215E16D}
		{56C76187-286D-34FE-B3F4-B1B22B446622} = {56C76187-286D-34FE-B3F4-B1B22B446622}
		{08AD1D95-2749-35C6-9090-756133149758} = {08AD1D95-2749-35C6-9090-756133149758}
		{44F777E5-C9FF-353F-9EF7-D56794801C91} = {44F777E5-C9FF-353F-9EF7-D56794801C91}
		{2017DE1D-A418-38D6-A599-EF1DEED0AF06} = {2017DE1D-A418-38D6-A599-EF1DEED0AF06}
	EndProjectSection
EndProject
Project("{8BC9CEB8-8B4A-11D0-8D11-00A0C91BC942}") = "noise_model", "noise_model.vcxproj", "{168443ED-B519-3F38-9AB7-094BBC505932}"
	ProjectSection(ProjectDependencies) = postProject
		{924A7378-1DAD-339B-B18C-685B29B87846} = {924A7378-1DAD-339B-B18C-685B29B87846}
		{5B82BF75-D24E-3265-AC7D-0F19C215E16D} = {5B82BF75-D24E-3265-AC7D-0F19C215E16D}
		{56C76187-286D-34FE-B3F4-B1B22B446622} = {56C76187-286D-34FE-B3F4-B1B22B446622}
		{08AD1D95-2749-35C6-9090-756133149758} = {08AD1D95-2749-35C6-9090-756133149758}
		{44F777E5-C9FF-353F-9EF7-D56794801C91} = {44F777E5-C9FF-353F-9EF7-D56794801C91}
		{2017DE1D-A418-38D6-A599-EF1DEED0AF06} = {2017DE1D-A418-38D6-A599-EF1DEED0AF06}
	EndProjectSection
EndProject
Project("{8BC9CEB8-8B4A-11D0-8D11-00A0C91BC942}") = "resize_util", "resize_util.vcxproj", "{5CE6E9F8-16F9-3BDB-8C64-C2A1D0634C43}"
	ProjectSection(ProjectDependencies) = postProject
		{924A7378-1DAD-339B-B18C-685B29B87846} = {924A7378-1DAD-339B-B18C-685B29B87846}
		{5B82BF75-D24E-3265-AC7D-0F19C215E16D} = {5B82BF75-D24E-3265-AC7D-0F19C215E16D}
		{56C76187-286D-34FE-B3F4-B1B22B446622} = {56C76187-286D-34FE-B3F4-B1B22B446622}
		{44F777E5-C9FF-353F-9EF7-D56794801C91} = {44F777E5-C9FF-353F-9EF7-D56794801C91}
		{2017DE1D-A418-38D6-A599-EF1DEED0AF06} = {2017DE1D-A418-38D6-A599-EF1DEED0AF06}
	EndProjectSection
EndProject
Project("{8BC9CEB8-8B4A-11D0-8D11-00A0C91BC942}") = "scalable_decoder", "scalable_decoder.vcxproj", "{489D3755-342F-30AE-883E-3C3C011DB18A}"
	ProjectSection(ProjectDependencies) = postProject
		{924A7378-1DAD-339B-B18C-685B29B87846} = {924A7378-1DAD-339B-B18C-685B29B87846}
		{5B82BF75-D24E-3265-AC7D-0F19C215E16D} = {5B82BF75-D24E-3265-AC7D-0F19C215E16D}
		{56C76187-286D-34FE-B3F4-B1B22B446622} = {56C76187-286D-34FE-B3F4-B1B22B446622}
		{CA846357-7B53-3675-A72C-BC3F6763931C} = {CA846357-7B53-3675-A72C-BC3F6763931C}
		{44F777E5-C9FF-353F-9EF7-D56794801C91} = {44F777E5-C9FF-353F-9EF7-D56794801C91}
		{2017DE1D-A418-38D6-A599-EF1DEED0AF06} = {2017DE1D-A418-38D6-A599-EF1DEED0AF06}
	EndProjectSection
EndProject
Project("{8BC9CEB8-8B4A-11D0-8D11-00A0C91BC942}") = "scalable_encoder", "scalable_encoder.vcxproj", "{8A1F2B24-ED8A-31F3-B1A1-720B71F91D8B}"
	ProjectSection(ProjectDependencies) = postProject
		{924A7378-1DAD-339B-B18C-685B29B87846} = {924A7378-1DAD-339B-B18C-685B29B87846}
		{5B82BF75-D24E-3265-AC7D-0F19C215E16D} = {5B82BF75-D24E-3265-AC7D-0F19C215E16D}
		{56C76187-286D-34FE-B3F4-B1B22B446622} = {56C76187-286D-34FE-B3F4-B1B22B446622}
		{08AD1D95-2749-35C6-9090-756133149758} = {08AD1D95-2749-35C6-9090-756133149758}
		{44F777E5-C9FF-353F-9EF7-D56794801C91} = {44F777E5-C9FF-353F-9EF7-D56794801C91}
		{2017DE1D-A418-38D6-A599-EF1DEED0AF06} = {2017DE1D-A418-38D6-A599-EF1DEED0AF06}
	EndProjectSection
EndProject
Project("{8BC9CEB8-8B4A-11D0-8D11-00A0C91BC942}") = "set_maps", "set_maps.vcxproj", "{050046B2-F0F4-3BC1-B72A-A6B7C64D923F}"
	ProjectSection(ProjectDependencies) = postProject
		{924A7378-1DAD-339B-B18C-685B29B87846} = {924A7378-1DAD-339B-B18C-685B29B87846}
		{5B82BF75-D24E-3265-AC7D-0F19C215E16D} = {5B82BF75-D24E-3265-AC7D-0F19C215E16D}
		{56C76187-286D-34FE-B3F4-B1B22B446622} = {56C76187-286D-34FE-B3F4-B1B22B446622}
		{08AD1D95-2749-35C6-9090-756133149758} = {08AD1D95-2749-35C6-9090-756133149758}
		{44F777E5-C9FF-353F-9EF7-D56794801C91} = {44F777E5-C9FF-353F-9EF7-D56794801C91}
		{2017DE1D-A418-38D6-A599-EF1DEED0AF06} = {2017DE1D-A418-38D6-A599-EF1DEED0AF06}
	EndProjectSection
EndProject
Project("{8BC9CEB8-8B4A-11D0-8D11-00A0C91BC942}") = "simple_decoder", "simple_decoder.vcxproj", "{1DD52097-8640-362E-B2C0-C77BA20F1EF4}"
	ProjectSection(ProjectDependencies) = postProject
		{924A7378-1DAD-339B-B18C-685B29B87846} = {924A7378-1DAD-339B-B18C-685B29B87846}
		{5B82BF75-D24E-3265-AC7D-0F19C215E16D} = {5B82BF75-D24E-3265-AC7D-0F19C215E16D}
		{56C76187-286D-34FE-B3F4-B1B22B446622} = {56C76187-286D-34FE-B3F4-B1B22B446622}
		{CA846357-7B53-3675-A72C-BC3F6763931C} = {CA846357-7B53-3675-A72C-BC3F6763931C}
		{44F777E5-C9FF-353F-9EF7-D56794801C91} = {44F777E5-C9FF-353F-9EF7-D56794801C91}
		{2017DE1D-A418-38D6-A599-EF1DEED0AF06} = {2017DE1D-A418-38D6-A599-EF1DEED0AF06}
	EndProjectSection
EndProject
Project("{8BC9CEB8-8B4A-11D0-8D11-00A0C91BC942}") = "simple_encoder", "simple_encoder.vcxproj", "{78BE4055-C1B8-3CF2-9B41-B0509D669AEA}"
	ProjectSection(ProjectDependencies) = postProject
		{924A7378-1DAD-339B-B18C-685B29B87846} = {924A7378-1DAD-339B-B18C-685B29B87846}
		{5B82BF75-D24E-3265-AC7D-0F19C215E16D} = {5B82BF75-D24E-3265-AC7D-0F19C215E16D}
		{56C76187-286D-34FE-B3F4-B1B22B446622} = {56C76187-286D-34FE-B3F4-B1B22B446622}
		{08AD1D95-2749-35C6-9090-756133149758} = {08AD1D95-2749-35C6-9090-756133149758}
		{44F777E5-C9FF-353F-9EF7-D56794801C91} = {44F777E5-C9FF-353F-9EF7-D56794801C91}
		{2017DE1D-A418-38D6-A599-EF1DEED0AF06} = {2017DE1D-A418-38D6-A599-EF1DEED0AF06}
	EndProjectSection
EndProject
Project("{8BC9CEB8-8B4A-11D0-8D11-00A0C91BC942}") = "test_aom_common", "test_aom_common.vcxproj", "{854BF698-01B0-3A9D-B8A8-F026310019CE}"
	ProjectSection(ProjectDependencies) = postProject
		{924A7378-1DAD-339B-B18C-685B29B87846} = {924A7378-1DAD-339B-B18C-685B29B87846}
		{5B82BF75-D24E-3265-AC7D-0F19C215E16D} = {5B82BF75-D24E-3265-AC7D-0F19C215E16D}
	EndProjectSection
EndProject
Project("{8BC9CEB8-8B4A-11D0-8D11-00A0C91BC942}") = "test_aom_decoder", "test_aom_decoder.vcxproj", "{192BB843-AE29-3B87-8495-6DDBD3B0A825}"
	ProjectSection(ProjectDependencies) = postProject
		{924A7378-1DAD-339B-B18C-685B29B87846} = {924A7378-1DAD-339B-B18C-685B29B87846}
		{5B82BF75-D24E-3265-AC7D-0F19C215E16D} = {5B82BF75-D24E-3265-AC7D-0F19C215E16D}
	EndProjectSection
EndProject
Project("{8BC9CEB8-8B4A-11D0-8D11-00A0C91BC942}") = "test_aom_encoder", "test_aom_encoder.vcxproj", "{2CB67416-0286-37FE-A59A-3346B019FE59}"
	ProjectSection(ProjectDependencies) = postProject
		{924A7378-1DAD-339B-B18C-685B29B87846} = {924A7378-1DAD-339B-B18C-685B29B87846}
		{5B82BF75-D24E-3265-AC7D-0F19C215E16D} = {5B82BF75-D24E-3265-AC7D-0F19C215E16D}
	EndProjectSection
EndProject
Project("{8BC9CEB8-8B4A-11D0-8D11-00A0C91BC942}") = "test_intra_pred_speed", "test_intra_pred_speed.vcxproj", "{DF4586A7-A921-34CF-9ECB-D6F48B61D39A}"
	ProjectSection(ProjectDependencies) = postProject
		{924A7378-1DAD-339B-B18C-685B29B87846} = {924A7378-1DAD-339B-B18C-685B29B87846}
		{5B82BF75-D24E-3265-AC7D-0F19C215E16D} = {5B82BF75-D24E-3265-AC7D-0F19C215E16D}
		{56C76187-286D-34FE-B3F4-B1B22B446622} = {56C76187-286D-34FE-B3F4-B1B22B446622}
		{BC548D5A-5668-325E-8E32-BD59B0D5E8AD} = {BC548D5A-5668-325E-8E32-BD59B0D5E8AD}
	EndProjectSection
EndProject
Project("{8BC9CEB8-8B4A-11D0-8D11-00A0C91BC942}") = "test_libaom", "test_libaom.vcxproj", "{F7BDB8C4-382C-3D6F-B3FC-2B09DBF5561A}"
	ProjectSection(ProjectDependencies) = postProject
		{924A7378-1DAD-339B-B18C-685B29B87846} = {924A7378-1DAD-339B-B18C-685B29B87846}
		{5B82BF75-D24E-3265-AC7D-0F19C215E16D} = {5B82BF75-D24E-3265-AC7D-0F19C215E16D}
		{56C76187-286D-34FE-B3F4-B1B22B446622} = {56C76187-286D-34FE-B3F4-B1B22B446622}
		{CA846357-7B53-3675-A72C-BC3F6763931C} = {CA846357-7B53-3675-A72C-BC3F6763931C}
		{08AD1D95-2749-35C6-9090-756133149758} = {08AD1D95-2749-35C6-9090-756133149758}
		{BC548D5A-5668-325E-8E32-BD59B0D5E8AD} = {BC548D5A-5668-325E-8E32-BD59B0D5E8AD}
		{854BF698-01B0-3A9D-B8A8-F026310019CE} = {854BF698-01B0-3A9D-B8A8-F026310019CE}
		{192BB843-AE29-3B87-8495-6DDBD3B0A825} = {192BB843-AE29-3B87-8495-6DDBD3B0A825}
		{2CB67416-0286-37FE-A59A-3346B019FE59} = {2CB67416-0286-37FE-A59A-3346B019FE59}
		{44F777E5-C9FF-353F-9EF7-D56794801C91} = {44F777E5-C9FF-353F-9EF7-D56794801C91}
		{2017DE1D-A418-38D6-A599-EF1DEED0AF06} = {2017DE1D-A418-38D6-A599-EF1DEED0AF06}
	EndProjectSection
EndProject
Project("{8BC9CEB8-8B4A-11D0-8D11-00A0C91BC942}") = "twopass_encoder", "twopass_encoder.vcxproj", "{DA253EA2-14F1-3363-A63F-B003D00D9ADA}"
	ProjectSection(ProjectDependencies) = postProject
		{924A7378-1DAD-339B-B18C-685B29B87846} = {924A7378-1DAD-339B-B18C-685B29B87846}
		{5B82BF75-D24E-3265-AC7D-0F19C215E16D} = {5B82BF75-D24E-3265-AC7D-0F19C215E16D}
		{56C76187-286D-34FE-B3F4-B1B22B446622} = {56C76187-286D-34FE-B3F4-B1B22B446622}
		{08AD1D95-2749-35C6-9090-756133149758} = {08AD1D95-2749-35C6-9090-756133149758}
		{44F777E5-C9FF-353F-9EF7-D56794801C91} = {44F777E5-C9FF-353F-9EF7-D56794801C91}
		{2017DE1D-A418-38D6-A599-EF1DEED0AF06} = {2017DE1D-A418-38D6-A599-EF1DEED0AF06}
	EndProjectSection
EndProject
Project("{8BC9CEB8-8B4A-11D0-8D11-00A0C91BC942}") = "webm", "webm.vcxproj", "{44F777E5-C9FF-353F-9EF7-D56794801C91}"
	ProjectSection(ProjectDependencies) = postProject
		{924A7378-1DAD-339B-B18C-685B29B87846} = {924A7378-1DAD-339B-B18C-685B29B87846}
	EndProjectSection
EndProject
Project("{8BC9CEB8-8B4A-11D0-8D11-00A0C91BC942}") = "yuv", "yuv.vcxproj", "{2017DE1D-A418-38D6-A599-EF1DEED0AF06}"
	ProjectSection(ProjectDependencies) = postProject
		{924A7378-1DAD-339B-B18C-685B29B87846} = {924A7378-1DAD-339B-B18C-685B29B87846}
	EndProjectSection
EndProject
Global
	GlobalSection(SolutionConfigurationPlatforms) = preSolution
		Debug|Win32 = Debug|Win32
		Release|Win32 = Release|Win32
		MinSizeRel|Win32 = MinSizeRel|Win32
		RelWithDebInfo|Win32 = RelWithDebInfo|Win32
	EndGlobalSection
	GlobalSection(ProjectConfigurationPlatforms) = postSolution
		{413EB7E9-1024-3D15-A617-5F7F660EAF8E}.Debug|Win32.ActiveCfg = Debug|Win32
		{413EB7E9-1024-3D15-A617-5F7F660EAF8E}.Debug|Win32.Build.0 = Debug|Win32
		{413EB7E9-1024-3D15-A617-5F7F660EAF8E}.Release|Win32.ActiveCfg = Release|Win32
		{413EB7E9-1024-3D15-A617-5F7F660EAF8E}.Release|Win32.Build.0 = Release|Win32
		{413EB7E9-1024-3D15-A617-5F7F660EAF8E}.MinSizeRel|Win32.ActiveCfg = MinSizeRel|Win32
		{413EB7E9-1024-3D15-A617-5F7F660EAF8E}.MinSizeRel|Win32.Build.0 = MinSizeRel|Win32
		{413EB7E9-1024-3D15-A617-5F7F660EAF8E}.RelWithDebInfo|Win32.ActiveCfg = RelWithDebInfo|Win32
		{413EB7E9-1024-3D15-A617-5F7F660EAF8E}.RelWithDebInfo|Win32.Build.0 = RelWithDebInfo|Win32
		{5A5E9CD4-F006-3C8D-B772-8E514727DDF8}.Debug|Win32.ActiveCfg = Debug|Win32
		{5A5E9CD4-F006-3C8D-B772-8E514727DDF8}.Release|Win32.ActiveCfg = Release|Win32
		{5A5E9CD4-F006-3C8D-B772-8E514727DDF8}.MinSizeRel|Win32.ActiveCfg = MinSizeRel|Win32
		{5A5E9CD4-F006-3C8D-B772-8E514727DDF8}.RelWithDebInfo|Win32.ActiveCfg = RelWithDebInfo|Win32
		{924A7378-1DAD-339B-B18C-685B29B87846}.Debug|Win32.ActiveCfg = Debug|Win32
		{924A7378-1DAD-339B-B18C-685B29B87846}.Debug|Win32.Build.0 = Debug|Win32
		{924A7378-1DAD-339B-B18C-685B29B87846}.Release|Win32.ActiveCfg = Release|Win32
		{924A7378-1DAD-339B-B18C-685B29B87846}.Release|Win32.Build.0 = Release|Win32
		{924A7378-1DAD-339B-B18C-685B29B87846}.MinSizeRel|Win32.ActiveCfg = MinSizeRel|Win32
		{924A7378-1DAD-339B-B18C-685B29B87846}.MinSizeRel|Win32.Build.0 = MinSizeRel|Win32
		{924A7378-1DAD-339B-B18C-685B29B87846}.RelWithDebInfo|Win32.ActiveCfg = RelWithDebInfo|Win32
		{924A7378-1DAD-339B-B18C-685B29B87846}.RelWithDebInfo|Win32.Build.0 = RelWithDebInfo|Win32
		{5B82BF75-D24E-3265-AC7D-0F19C215E16D}.Debug|Win32.ActiveCfg = Debug|Win32
		{5B82BF75-D24E-3265-AC7D-0F19C215E16D}.Debug|Win32.Build.0 = Debug|Win32
		{5B82BF75-D24E-3265-AC7D-0F19C215E16D}.Release|Win32.ActiveCfg = Release|Win32
		{5B82BF75-D24E-3265-AC7D-0F19C215E16D}.Release|Win32.Build.0 = Release|Win32
		{5B82BF75-D24E-3265-AC7D-0F19C215E16D}.MinSizeRel|Win32.ActiveCfg = MinSizeRel|Win32
		{5B82BF75-D24E-3265-AC7D-0F19C215E16D}.MinSizeRel|Win32.Build.0 = MinSizeRel|Win32
		{5B82BF75-D24E-3265-AC7D-0F19C215E16D}.RelWithDebInfo|Win32.ActiveCfg = RelWithDebInfo|Win32
		{5B82BF75-D24E-3265-AC7D-0F19C215E16D}.RelWithDebInfo|Win32.Build.0 = RelWithDebInfo|Win32
		{F660E9DF-70EF-3AC0-AE32-607A305BD950}.Debug|Win32.ActiveCfg = Debug|Win32
		{F660E9DF-70EF-3AC0-AE32-607A305BD950}.Debug|Win32.Build.0 = Debug|Win32
		{F660E9DF-70EF-3AC0-AE32-607A305BD950}.Release|Win32.ActiveCfg = Release|Win32
		{F660E9DF-70EF-3AC0-AE32-607A305BD950}.Release|Win32.Build.0 = Release|Win32
		{F660E9DF-70EF-3AC0-AE32-607A305BD950}.MinSizeRel|Win32.ActiveCfg = MinSizeRel|Win32
		{F660E9DF-70EF-3AC0-AE32-607A305BD950}.MinSizeRel|Win32.Build.0 = MinSizeRel|Win32
		{F660E9DF-70EF-3AC0-AE32-607A305BD950}.RelWithDebInfo|Win32.ActiveCfg = RelWithDebInfo|Win32
		{F660E9DF-70EF-3AC0-AE32-607A305BD950}.RelWithDebInfo|Win32.Build.0 = RelWithDebInfo|Win32
		{94997FD2-3689-36E8-BA2D-2659C8ED6260}.Debug|Win32.ActiveCfg = Debug|Win32
		{94997FD2-3689-36E8-BA2D-2659C8ED6260}.Debug|Win32.Build.0 = Debug|Win32
		{94997FD2-3689-36E8-BA2D-2659C8ED6260}.Release|Win32.ActiveCfg = Release|Win32
		{94997FD2-3689-36E8-BA2D-2659C8ED6260}.Release|Win32.Build.0 = Release|Win32
		{94997FD2-3689-36E8-BA2D-2659C8ED6260}.MinSizeRel|Win32.ActiveCfg = MinSizeRel|Win32
		{94997FD2-3689-36E8-BA2D-2659C8ED6260}.MinSizeRel|Win32.Build.0 = MinSizeRel|Win32
		{94997FD2-3689-36E8-BA2D-2659C8ED6260}.RelWithDebInfo|Win32.ActiveCfg = RelWithDebInfo|Win32
		{94997FD2-3689-36E8-BA2D-2659C8ED6260}.RelWithDebInfo|Win32.Build.0 = RelWithDebInfo|Win32
		{3483A8C4-6CA4-358F-92E6-81C8DAA1861C}.Debug|Win32.ActiveCfg = Debug|Win32
		{3483A8C4-6CA4-358F-92E6-81C8DAA1861C}.Debug|Win32.Build.0 = Debug|Win32
		{3483A8C4-6CA4-358F-92E6-81C8DAA1861C}.Release|Win32.ActiveCfg = Release|Win32
		{3483A8C4-6CA4-358F-92E6-81C8DAA1861C}.Release|Win32.Build.0 = Release|Win32
		{3483A8C4-6CA4-358F-92E6-81C8DAA1861C}.MinSizeRel|Win32.ActiveCfg = MinSizeRel|Win32
		{3483A8C4-6CA4-358F-92E6-81C8DAA1861C}.MinSizeRel|Win32.Build.0 = MinSizeRel|Win32
		{3483A8C4-6CA4-358F-92E6-81C8DAA1861C}.RelWithDebInfo|Win32.ActiveCfg = RelWithDebInfo|Win32
		{3483A8C4-6CA4-358F-92E6-81C8DAA1861C}.RelWithDebInfo|Win32.Build.0 = RelWithDebInfo|Win32
		{8B2B66DC-AD42-399D-887E-FA29110552D5}.Debug|Win32.ActiveCfg = Debug|Win32
		{8B2B66DC-AD42-399D-887E-FA29110552D5}.Debug|Win32.Build.0 = Debug|Win32
		{8B2B66DC-AD42-399D-887E-FA29110552D5}.Release|Win32.ActiveCfg = Release|Win32
		{8B2B66DC-AD42-399D-887E-FA29110552D5}.Release|Win32.Build.0 = Release|Win32
		{8B2B66DC-AD42-399D-887E-FA29110552D5}.MinSizeRel|Win32.ActiveCfg = MinSizeRel|Win32
		{8B2B66DC-AD42-399D-887E-FA29110552D5}.MinSizeRel|Win32.Build.0 = MinSizeRel|Win32
		{8B2B66DC-AD42-399D-887E-FA29110552D5}.RelWithDebInfo|Win32.ActiveCfg = RelWithDebInfo|Win32
		{8B2B66DC-AD42-399D-887E-FA29110552D5}.RelWithDebInfo|Win32.Build.0 = RelWithDebInfo|Win32
		{B050144B-A199-34E8-97CA-E4C9A90D13D7}.Debug|Win32.ActiveCfg = Debug|Win32
		{B050144B-A199-34E8-97CA-E4C9A90D13D7}.Debug|Win32.Build.0 = Debug|Win32
		{B050144B-A199-34E8-97CA-E4C9A90D13D7}.Release|Win32.ActiveCfg = Release|Win32
		{B050144B-A199-34E8-97CA-E4C9A90D13D7}.Release|Win32.Build.0 = Release|Win32
		{B050144B-A199-34E8-97CA-E4C9A90D13D7}.MinSizeRel|Win32.ActiveCfg = MinSizeRel|Win32
		{B050144B-A199-34E8-97CA-E4C9A90D13D7}.MinSizeRel|Win32.Build.0 = MinSizeRel|Win32
		{B050144B-A199-34E8-97CA-E4C9A90D13D7}.RelWithDebInfo|Win32.ActiveCfg = RelWithDebInfo|Win32
		{B050144B-A199-34E8-97CA-E4C9A90D13D7}.RelWithDebInfo|Win32.Build.0 = RelWithDebInfo|Win32
		{BB9D5EDB-62F4-345A-B0EC-0745FCF82553}.Debug|Win32.ActiveCfg = Debug|Win32
		{BB9D5EDB-62F4-345A-B0EC-0745FCF82553}.Debug|Win32.Build.0 = Debug|Win32
		{BB9D5EDB-62F4-345A-B0EC-0745FCF82553}.Release|Win32.ActiveCfg = Release|Win32
		{BB9D5EDB-62F4-345A-B0EC-0745FCF82553}.Release|Win32.Build.0 = Release|Win32
		{BB9D5EDB-62F4-345A-B0EC-0745FCF82553}.MinSizeRel|Win32.ActiveCfg = MinSizeRel|Win32
		{BB9D5EDB-62F4-345A-B0EC-0745FCF82553}.MinSizeRel|Win32.Build.0 = MinSizeRel|Win32
		{BB9D5EDB-62F4-345A-B0EC-0745FCF82553}.RelWithDebInfo|Win32.ActiveCfg = RelWithDebInfo|Win32
		{BB9D5EDB-62F4-345A-B0EC-0745FCF82553}.RelWithDebInfo|Win32.Build.0 = RelWithDebInfo|Win32
		{FBDBBEBE-DAB0-39BE-B21D-2D2D709F8559}.Debug|Win32.ActiveCfg = Debug|Win32
		{FBDBBEBE-DAB0-39BE-B21D-2D2D709F8559}.Debug|Win32.Build.0 = Debug|Win32
		{FBDBBEBE-DAB0-39BE-B21D-2D2D709F8559}.Release|Win32.ActiveCfg = Release|Win32
		{FBDBBEBE-DAB0-39BE-B21D-2D2D709F8559}.Release|Win32.Build.0 = Release|Win32
		{FBDBBEBE-DAB0-39BE-B21D-2D2D709F8559}.MinSizeRel|Win32.ActiveCfg = MinSizeRel|Win32
		{FBDBBEBE-DAB0-39BE-B21D-2D2D709F8559}.MinSizeRel|Win32.Build.0 = MinSizeRel|Win32
		{FBDBBEBE-DAB0-39BE-B21D-2D2D709F8559}.RelWithDebInfo|Win32.ActiveCfg = RelWithDebInfo|Win32
		{FBDBBEBE-DAB0-39BE-B21D-2D2D709F8559}.RelWithDebInfo|Win32.Build.0 = RelWithDebInfo|Win32
		{8B7BCE8A-D543-37DD-BB37-436828D2C31A}.Debug|Win32.ActiveCfg = Debug|Win32
		{8B7BCE8A-D543-37DD-BB37-436828D2C31A}.Debug|Win32.Build.0 = Debug|Win32
		{8B7BCE8A-D543-37DD-BB37-436828D2C31A}.Release|Win32.ActiveCfg = Release|Win32
		{8B7BCE8A-D543-37DD-BB37-436828D2C31A}.Release|Win32.Build.0 = Release|Win32
		{8B7BCE8A-D543-37DD-BB37-436828D2C31A}.MinSizeRel|Win32.ActiveCfg = MinSizeRel|Win32
		{8B7BCE8A-D543-37DD-BB37-436828D2C31A}.MinSizeRel|Win32.Build.0 = MinSizeRel|Win32
		{8B7BCE8A-D543-37DD-BB37-436828D2C31A}.RelWithDebInfo|Win32.ActiveCfg = RelWithDebInfo|Win32
		{8B7BCE8A-D543-37DD-BB37-436828D2C31A}.RelWithDebInfo|Win32.Build.0 = RelWithDebInfo|Win32
		{60541C76-5E26-3B8B-8168-AD0FD8032FDC}.Debug|Win32.ActiveCfg = Debug|Win32
		{60541C76-5E26-3B8B-8168-AD0FD8032FDC}.Debug|Win32.Build.0 = Debug|Win32
		{60541C76-5E26-3B8B-8168-AD0FD8032FDC}.Release|Win32.ActiveCfg = Release|Win32
		{60541C76-5E26-3B8B-8168-AD0FD8032FDC}.Release|Win32.Build.0 = Release|Win32
		{60541C76-5E26-3B8B-8168-AD0FD8032FDC}.MinSizeRel|Win32.ActiveCfg = MinSizeRel|Win32
		{60541C76-5E26-3B8B-8168-AD0FD8032FDC}.MinSizeRel|Win32.Build.0 = MinSizeRel|Win32
		{60541C76-5E26-3B8B-8168-AD0FD8032FDC}.RelWithDebInfo|Win32.ActiveCfg = RelWithDebInfo|Win32
		{60541C76-5E26-3B8B-8168-AD0FD8032FDC}.RelWithDebInfo|Win32.Build.0 = RelWithDebInfo|Win32
		{520723B0-7966-311B-9963-D5D3824917C8}.Debug|Win32.ActiveCfg = Debug|Win32
		{520723B0-7966-311B-9963-D5D3824917C8}.Debug|Win32.Build.0 = Debug|Win32
		{520723B0-7966-311B-9963-D5D3824917C8}.Release|Win32.ActiveCfg = Release|Win32
		{520723B0-7966-311B-9963-D5D3824917C8}.Release|Win32.Build.0 = Release|Win32
		{520723B0-7966-311B-9963-D5D3824917C8}.MinSizeRel|Win32.ActiveCfg = MinSizeRel|Win32
		{520723B0-7966-311B-9963-D5D3824917C8}.MinSizeRel|Win32.Build.0 = MinSizeRel|Win32
		{520723B0-7966-311B-9963-D5D3824917C8}.RelWithDebInfo|Win32.ActiveCfg = RelWithDebInfo|Win32
		{520723B0-7966-311B-9963-D5D3824917C8}.RelWithDebInfo|Win32.Build.0 = RelWithDebInfo|Win32
		{B353B080-7BD7-3BA3-8722-930B024EF50B}.Debug|Win32.ActiveCfg = Debug|Win32
		{B353B080-7BD7-3BA3-8722-930B024EF50B}.Debug|Win32.Build.0 = Debug|Win32
		{B353B080-7BD7-3BA3-8722-930B024EF50B}.Release|Win32.ActiveCfg = Release|Win32
		{B353B080-7BD7-3BA3-8722-930B024EF50B}.Release|Win32.Build.0 = Release|Win32
		{B353B080-7BD7-3BA3-8722-930B024EF50B}.MinSizeRel|Win32.ActiveCfg = MinSizeRel|Win32
		{B353B080-7BD7-3BA3-8722-930B024EF50B}.MinSizeRel|Win32.Build.0 = MinSizeRel|Win32
		{B353B080-7BD7-3BA3-8722-930B024EF50B}.RelWithDebInfo|Win32.ActiveCfg = RelWithDebInfo|Win32
		{B353B080-7BD7-3BA3-8722-930B024EF50B}.RelWithDebInfo|Win32.Build.0 = RelWithDebInfo|Win32
		{025B193D-7871-3427-828C-E66AB7CF45A6}.Debug|Win32.ActiveCfg = Debug|Win32
		{025B193D-7871-3427-828C-E66AB7CF45A6}.Debug|Win32.Build.0 = Debug|Win32
		{025B193D-7871-3427-828C-E66AB7CF45A6}.Release|Win32.ActiveCfg = Release|Win32
		{025B193D-7871-3427-828C-E66AB7CF45A6}.Release|Win32.Build.0 = Release|Win32
		{025B193D-7871-3427-828C-E66AB7CF45A6}.MinSizeRel|Win32.ActiveCfg = MinSizeRel|Win32
		{025B193D-7871-3427-828C-E66AB7CF45A6}.MinSizeRel|Win32.Build.0 = MinSizeRel|Win32
		{025B193D-7871-3427-828C-E66AB7CF45A6}.RelWithDebInfo|Win32.ActiveCfg = RelWithDebInfo|Win32
		{025B193D-7871-3427-828C-E66AB7CF45A6}.RelWithDebInfo|Win32.Build.0 = RelWithDebInfo|Win32
		{3DA85D63-A97F-3FB1-82DC-A1C91EA09E66}.Debug|Win32.ActiveCfg = Debug|Win32
		{3DA85D63-A97F-3FB1-82DC-A1C91EA09E66}.Debug|Win32.Build.0 = Debug|Win32
		{3DA85D63-A97F-3FB1-82DC-A1C91EA09E66}.Release|Win32.ActiveCfg = Release|Win32
		{3DA85D63-A97F-3FB1-82DC-A1C91EA09E66}.Release|Win32.Build.0 = Release|Win32
		{3DA85D63-A97F-3FB1-82DC-A1C91EA09E66}.MinSizeRel|Win32.ActiveCfg = MinSizeRel|Win32
		{3DA85D63-A97F-3FB1-82DC-A1C91EA09E66}.MinSizeRel|Win32.Build.0 = MinSizeRel|Win32
		{3DA85D63-A97F-3FB1-82DC-A1C91EA09E66}.RelWithDebInfo|Win32.ActiveCfg = RelWithDebInfo|Win32
		{3DA85D63-A97F-3FB1-82DC-A1C91EA09E66}.RelWithDebInfo|Win32.Build.0 = RelWithDebInfo|Win32
		{56C76187-286D-34FE-B3F4-B1B22B446622}.Debug|Win32.ActiveCfg = Debug|Win32
		{56C76187-286D-34FE-B3F4-B1B22B446622}.Debug|Win32.Build.0 = Debug|Win32
		{56C76187-286D-34FE-B3F4-B1B22B446622}.Release|Win32.ActiveCfg = Release|Win32
		{56C76187-286D-34FE-B3F4-B1B22B446622}.Release|Win32.Build.0 = Release|Win32
		{56C76187-286D-34FE-B3F4-B1B22B446622}.MinSizeRel|Win32.ActiveCfg = MinSizeRel|Win32
		{56C76187-286D-34FE-B3F4-B1B22B446622}.MinSizeRel|Win32.Build.0 = MinSizeRel|Win32
		{56C76187-286D-34FE-B3F4-B1B22B446622}.RelWithDebInfo|Win32.ActiveCfg = RelWithDebInfo|Win32
		{56C76187-286D-34FE-B3F4-B1B22B446622}.RelWithDebInfo|Win32.Build.0 = RelWithDebInfo|Win32
		{0E497FEA-166E-3010-9FE7-4F37290088AA}.Debug|Win32.ActiveCfg = Debug|Win32
		{0E497FEA-166E-3010-9FE7-4F37290088AA}.Debug|Win32.Build.0 = Debug|Win32
		{0E497FEA-166E-3010-9FE7-4F37290088AA}.Release|Win32.ActiveCfg = Release|Win32
		{0E497FEA-166E-3010-9FE7-4F37290088AA}.Release|Win32.Build.0 = Release|Win32
		{0E497FEA-166E-3010-9FE7-4F37290088AA}.MinSizeRel|Win32.ActiveCfg = MinSizeRel|Win32
		{0E497FEA-166E-3010-9FE7-4F37290088AA}.MinSizeRel|Win32.Build.0 = MinSizeRel|Win32
		{0E497FEA-166E-3010-9FE7-4F37290088AA}.RelWithDebInfo|Win32.ActiveCfg = RelWithDebInfo|Win32
		{0E497FEA-166E-3010-9FE7-4F37290088AA}.RelWithDebInfo|Win32.Build.0 = RelWithDebInfo|Win32
		{CA846357-7B53-3675-A72C-BC3F6763931C}.Debug|Win32.ActiveCfg = Debug|Win32
		{CA846357-7B53-3675-A72C-BC3F6763931C}.Debug|Win32.Build.0 = Debug|Win32
		{CA846357-7B53-3675-A72C-BC3F6763931C}.Release|Win32.ActiveCfg = Release|Win32
		{CA846357-7B53-3675-A72C-BC3F6763931C}.Release|Win32.Build.0 = Release|Win32
		{CA846357-7B53-3675-A72C-BC3F6763931C}.MinSizeRel|Win32.ActiveCfg = MinSizeRel|Win32
		{CA846357-7B53-3675-A72C-BC3F6763931C}.MinSizeRel|Win32.Build.0 = MinSizeRel|Win32
		{CA846357-7B53-3675-A72C-BC3F6763931C}.RelWithDebInfo|Win32.ActiveCfg = RelWithDebInfo|Win32
		{CA846357-7B53-3675-A72C-BC3F6763931C}.RelWithDebInfo|Win32.Build.0 = RelWithDebInfo|Win32
		{8C24EBAF-8D74-3B43-8739-E71A5060D15A}.Debug|Win32.ActiveCfg = Debug|Win32
		{8C24EBAF-8D74-3B43-8739-E71A5060D15A}.Debug|Win32.Build.0 = Debug|Win32
		{8C24EBAF-8D74-3B43-8739-E71A5060D15A}.Release|Win32.ActiveCfg = Release|Win32
		{8C24EBAF-8D74-3B43-8739-E71A5060D15A}.Release|Win32.Build.0 = Release|Win32
		{8C24EBAF-8D74-3B43-8739-E71A5060D15A}.MinSizeRel|Win32.ActiveCfg = MinSizeRel|Win32
		{8C24EBAF-8D74-3B43-8739-E71A5060D15A}.MinSizeRel|Win32.Build.0 = MinSizeRel|Win32
		{8C24EBAF-8D74-3B43-8739-E71A5060D15A}.RelWithDebInfo|Win32.ActiveCfg = RelWithDebInfo|Win32
		{8C24EBAF-8D74-3B43-8739-E71A5060D15A}.RelWithDebInfo|Win32.Build.0 = RelWithDebInfo|Win32
		{9996E23A-4640-353E-8C09-163272084FA0}.Debug|Win32.ActiveCfg = Debug|Win32
		{9996E23A-4640-353E-8C09-163272084FA0}.Debug|Win32.Build.0 = Debug|Win32
		{9996E23A-4640-353E-8C09-163272084FA0}.Release|Win32.ActiveCfg = Release|Win32
		{9996E23A-4640-353E-8C09-163272084FA0}.Release|Win32.Build.0 = Release|Win32
		{9996E23A-4640-353E-8C09-163272084FA0}.MinSizeRel|Win32.ActiveCfg = MinSizeRel|Win32
		{9996E23A-4640-353E-8C09-163272084FA0}.MinSizeRel|Win32.Build.0 = MinSizeRel|Win32
		{9996E23A-4640-353E-8C09-163272084FA0}.RelWithDebInfo|Win32.ActiveCfg = RelWithDebInfo|Win32
		{9996E23A-4640-353E-8C09-163272084FA0}.RelWithDebInfo|Win32.Build.0 = RelWithDebInfo|Win32
		{61BD8A7E-05CD-3DDE-9303-F61398A6492B}.Debug|Win32.ActiveCfg = Debug|Win32
		{61BD8A7E-05CD-3DDE-9303-F61398A6492B}.Debug|Win32.Build.0 = Debug|Win32
		{61BD8A7E-05CD-3DDE-9303-F61398A6492B}.Release|Win32.ActiveCfg = Release|Win32
		{61BD8A7E-05CD-3DDE-9303-F61398A6492B}.Release|Win32.Build.0 = Release|Win32
		{61BD8A7E-05CD-3DDE-9303-F61398A6492B}.MinSizeRel|Win32.ActiveCfg = MinSizeRel|Win32
		{61BD8A7E-05CD-3DDE-9303-F61398A6492B}.MinSizeRel|Win32.Build.0 = MinSizeRel|Win32
		{61BD8A7E-05CD-3DDE-9303-F61398A6492B}.RelWithDebInfo|Win32.ActiveCfg = RelWithDebInfo|Win32
		{61BD8A7E-05CD-3DDE-9303-F61398A6492B}.RelWithDebInfo|Win32.Build.0 = RelWithDebInfo|Win32
		{2B115D12-777A-3FA1-B3DD-7C762E0AE87E}.Debug|Win32.ActiveCfg = Debug|Win32
		{2B115D12-777A-3FA1-B3DD-7C762E0AE87E}.Debug|Win32.Build.0 = Debug|Win32
		{2B115D12-777A-3FA1-B3DD-7C762E0AE87E}.Release|Win32.ActiveCfg = Release|Win32
		{2B115D12-777A-3FA1-B3DD-7C762E0AE87E}.Release|Win32.Build.0 = Release|Win32
		{2B115D12-777A-3FA1-B3DD-7C762E0AE87E}.MinSizeRel|Win32.ActiveCfg = MinSizeRel|Win32
		{2B115D12-777A-3FA1-B3DD-7C762E0AE87E}.MinSizeRel|Win32.Build.0 = MinSizeRel|Win32
		{2B115D12-777A-3FA1-B3DD-7C762E0AE87E}.RelWithDebInfo|Win32.ActiveCfg = RelWithDebInfo|Win32
		{2B115D12-777A-3FA1-B3DD-7C762E0AE87E}.RelWithDebInfo|Win32.Build.0 = RelWithDebInfo|Win32
		{4CBF2DE4-CE3B-3541-87F3-D48DE711B27E}.Debug|Win32.ActiveCfg = Debug|Win32
		{4CBF2DE4-CE3B-3541-87F3-D48DE711B27E}.Debug|Win32.Build.0 = Debug|Win32
		{4CBF2DE4-CE3B-3541-87F3-D48DE711B27E}.Release|Win32.ActiveCfg = Release|Win32
		{4CBF2DE4-CE3B-3541-87F3-D48DE711B27E}.Release|Win32.Build.0 = Release|Win32
		{4CBF2DE4-CE3B-3541-87F3-D48DE711B27E}.MinSizeRel|Win32.ActiveCfg = MinSizeRel|Win32
		{4CBF2DE4-CE3B-3541-87F3-D48DE711B27E}.MinSizeRel|Win32.Build.0 = MinSizeRel|Win32
		{4CBF2DE4-CE3B-3541-87F3-D48DE711B27E}.RelWithDebInfo|Win32.ActiveCfg = RelWithDebInfo|Win32
		{4CBF2DE4-CE3B-3541-87F3-D48DE711B27E}.RelWithDebInfo|Win32.Build.0 = RelWithDebInfo|Win32
		{3A8646E1-E765-30B1-B832-4CE2B1CBEF73}.Debug|Win32.ActiveCfg = Debug|Win32
		{3A8646E1-E765-30B1-B832-4CE2B1CBEF73}.Debug|Win32.Build.0 = Debug|Win32
		{3A8646E1-E765-30B1-B832-4CE2B1CBEF73}.Release|Win32.ActiveCfg = Release|Win32
		{3A8646E1-E765-30B1-B832-4CE2B1CBEF73}.Release|Win32.Build.0 = Release|Win32
		{3A8646E1-E765-30B1-B832-4CE2B1CBEF73}.MinSizeRel|Win32.ActiveCfg = MinSizeRel|Win32
		{3A8646E1-E765-30B1-B832-4CE2B1CBEF73}.MinSizeRel|Win32.Build.0 = MinSizeRel|Win32
		{3A8646E1-E765-30B1-B832-4CE2B1CBEF73}.RelWithDebInfo|Win32.ActiveCfg = RelWithDebInfo|Win32
		{3A8646E1-E765-30B1-B832-4CE2B1CBEF73}.RelWithDebInfo|Win32.Build.0 = RelWithDebInfo|Win32
		{4A0073B4-612F-3ADF-9673-38856AA4271F}.Debug|Win32.ActiveCfg = Debug|Win32
		{4A0073B4-612F-3ADF-9673-38856AA4271F}.Debug|Win32.Build.0 = Debug|Win32
		{4A0073B4-612F-3ADF-9673-38856AA4271F}.Release|Win32.ActiveCfg = Release|Win32
		{4A0073B4-612F-3ADF-9673-38856AA4271F}.Release|Win32.Build.0 = Release|Win32
		{4A0073B4-612F-3ADF-9673-38856AA4271F}.MinSizeRel|Win32.ActiveCfg = MinSizeRel|Win32
		{4A0073B4-612F-3ADF-9673-38856AA4271F}.MinSizeRel|Win32.Build.0 = MinSizeRel|Win32
		{4A0073B4-612F-3ADF-9673-38856AA4271F}.RelWithDebInfo|Win32.ActiveCfg = RelWithDebInfo|Win32
		{4A0073B4-612F-3ADF-9673-38856AA4271F}.RelWithDebInfo|Win32.Build.0 = RelWithDebInfo|Win32
		{30135CF3-4F7B-37CB-8B24-C5366236DABE}.Debug|Win32.ActiveCfg = Debug|Win32
		{30135CF3-4F7B-37CB-8B24-C5366236DABE}.Debug|Win32.Build.0 = Debug|Win32
		{30135CF3-4F7B-37CB-8B24-C5366236DABE}.Release|Win32.ActiveCfg = Release|Win32
		{30135CF3-4F7B-37CB-8B24-C5366236DABE}.Release|Win32.Build.0 = Release|Win32
		{30135CF3-4F7B-37CB-8B24-C5366236DABE}.MinSizeRel|Win32.ActiveCfg = MinSizeRel|Win32
		{30135CF3-4F7B-37CB-8B24-C5366236DABE}.MinSizeRel|Win32.Build.0 = MinSizeRel|Win32
		{30135CF3-4F7B-37CB-8B24-C5366236DABE}.RelWithDebInfo|Win32.ActiveCfg = RelWithDebInfo|Win32
		{30135CF3-4F7B-37CB-8B24-C5366236DABE}.RelWithDebInfo|Win32.Build.0 = RelWithDebInfo|Win32
		{D82F85F9-B27F-3C5D-8012-1784A6D60E8D}.Debug|Win32.ActiveCfg = Debug|Win32
		{D82F85F9-B27F-3C5D-8012-1784A6D60E8D}.Debug|Win32.Build.0 = Debug|Win32
		{D82F85F9-B27F-3C5D-8012-1784A6D60E8D}.Release|Win32.ActiveCfg = Release|Win32
		{D82F85F9-B27F-3C5D-8012-1784A6D60E8D}.Release|Win32.Build.0 = Release|Win32
		{D82F85F9-B27F-3C5D-8012-1784A6D60E8D}.MinSizeRel|Win32.ActiveCfg = MinSizeRel|Win32
		{D82F85F9-B27F-3C5D-8012-1784A6D60E8D}.MinSizeRel|Win32.Build.0 = MinSizeRel|Win32
		{D82F85F9-B27F-3C5D-8012-1784A6D60E8D}.RelWithDebInfo|Win32.ActiveCfg = RelWithDebInfo|Win32
		{D82F85F9-B27F-3C5D-8012-1784A6D60E8D}.RelWithDebInfo|Win32.Build.0 = RelWithDebInfo|Win32
		{F388CF3D-C3BD-329A-9E85-A49557B7AB01}.Debug|Win32.ActiveCfg = Debug|Win32
		{F388CF3D-C3BD-329A-9E85-A49557B7AB01}.Debug|Win32.Build.0 = Debug|Win32
		{F388CF3D-C3BD-329A-9E85-A49557B7AB01}.Release|Win32.ActiveCfg = Release|Win32
		{F388CF3D-C3BD-329A-9E85-A49557B7AB01}.Release|Win32.Build.0 = Release|Win32
		{F388CF3D-C3BD-329A-9E85-A49557B7AB01}.MinSizeRel|Win32.ActiveCfg = MinSizeRel|Win32
		{F388CF3D-C3BD-329A-9E85-A49557B7AB01}.MinSizeRel|Win32.Build.0 = MinSizeRel|Win32
		{F388CF3D-C3BD-329A-9E85-A49557B7AB01}.RelWithDebInfo|Win32.ActiveCfg = RelWithDebInfo|Win32
		{F388CF3D-C3BD-329A-9E85-A49557B7AB01}.RelWithDebInfo|Win32.Build.0 = RelWithDebInfo|Win32
		{29B440E4-F709-33D5-B60B-F0FDE32EEA15}.Debug|Win32.ActiveCfg = Debug|Win32
		{29B440E4-F709-33D5-B60B-F0FDE32EEA15}.Debug|Win32.Build.0 = Debug|Win32
		{29B440E4-F709-33D5-B60B-F0FDE32EEA15}.Release|Win32.ActiveCfg = Release|Win32
		{29B440E4-F709-33D5-B60B-F0FDE32EEA15}.Release|Win32.Build.0 = Release|Win32
		{29B440E4-F709-33D5-B60B-F0FDE32EEA15}.MinSizeRel|Win32.ActiveCfg = MinSizeRel|Win32
		{29B440E4-F709-33D5-B60B-F0FDE32EEA15}.MinSizeRel|Win32.Build.0 = MinSizeRel|Win32
		{29B440E4-F709-33D5-B60B-F0FDE32EEA15}.RelWithDebInfo|Win32.ActiveCfg = RelWithDebInfo|Win32
		{29B440E4-F709-33D5-B60B-F0FDE32EEA15}.RelWithDebInfo|Win32.Build.0 = RelWithDebInfo|Win32
		{8B3F9576-E2A0-323C-B4F2-C0A8E6564879}.Debug|Win32.ActiveCfg = Debug|Win32
		{8B3F9576-E2A0-323C-B4F2-C0A8E6564879}.Debug|Win32.Build.0 = Debug|Win32
		{8B3F9576-E2A0-323C-B4F2-C0A8E6564879}.Release|Win32.ActiveCfg = Release|Win32
		{8B3F9576-E2A0-323C-B4F2-C0A8E6564879}.Release|Win32.Build.0 = Release|Win32
		{8B3F9576-E2A0-323C-B4F2-C0A8E6564879}.MinSizeRel|Win32.ActiveCfg = MinSizeRel|Win32
		{8B3F9576-E2A0-323C-B4F2-C0A8E6564879}.MinSizeRel|Win32.Build.0 = MinSizeRel|Win32
		{8B3F9576-E2A0-323C-B4F2-C0A8E6564879}.RelWithDebInfo|Win32.ActiveCfg = RelWithDebInfo|Win32
		{8B3F9576-E2A0-323C-B4F2-C0A8E6564879}.RelWithDebInfo|Win32.Build.0 = RelWithDebInfo|Win32
		{8F1F3B68-A5DD-3B39-9216-D752208DAD8A}.Debug|Win32.ActiveCfg = Debug|Win32
		{8F1F3B68-A5DD-3B39-9216-D752208DAD8A}.Debug|Win32.Build.0 = Debug|Win32
		{8F1F3B68-A5DD-3B39-9216-D752208DAD8A}.Release|Win32.ActiveCfg = Release|Win32
		{8F1F3B68-A5DD-3B39-9216-D752208DAD8A}.Release|Win32.Build.0 = Release|Win32
		{8F1F3B68-A5DD-3B39-9216-D752208DAD8A}.MinSizeRel|Win32.ActiveCfg = MinSizeRel|Win32
		{8F1F3B68-A5DD-3B39-9216-D752208DAD8A}.MinSizeRel|Win32.Build.0 = MinSizeRel|Win32
		{8F1F3B68-A5DD-3B39-9216-D752208DAD8A}.RelWithDebInfo|Win32.ActiveCfg = RelWithDebInfo|Win32
		{8F1F3B68-A5DD-3B39-9216-D752208DAD8A}.RelWithDebInfo|Win32.Build.0 = RelWithDebInfo|Win32
		{4BEE1EC2-BB31-3D33-82DA-AEE30754B6BD}.Debug|Win32.ActiveCfg = Debug|Win32
		{4BEE1EC2-BB31-3D33-82DA-AEE30754B6BD}.Debug|Win32.Build.0 = Debug|Win32
		{4BEE1EC2-BB31-3D33-82DA-AEE30754B6BD}.Release|Win32.ActiveCfg = Release|Win32
		{4BEE1EC2-BB31-3D33-82DA-AEE30754B6BD}.Release|Win32.Build.0 = Release|Win32
		{4BEE1EC2-BB31-3D33-82DA-AEE30754B6BD}.MinSizeRel|Win32.ActiveCfg = MinSizeRel|Win32
		{4BEE1EC2-BB31-3D33-82DA-AEE30754B6BD}.MinSizeRel|Win32.Build.0 = MinSizeRel|Win32
		{4BEE1EC2-BB31-3D33-82DA-AEE30754B6BD}.RelWithDebInfo|Win32.ActiveCfg = RelWithDebInfo|Win32
		{4BEE1EC2-BB31-3D33-82DA-AEE30754B6BD}.RelWithDebInfo|Win32.Build.0 = RelWithDebInfo|Win32
		{5A7EEABC-4745-3D79-9FF6-DB4EC4E73655}.Debug|Win32.ActiveCfg = Debug|Win32
		{5A7EEABC-4745-3D79-9FF6-DB4EC4E73655}.Debug|Win32.Build.0 = Debug|Win32
		{5A7EEABC-4745-3D79-9FF6-DB4EC4E73655}.Release|Win32.ActiveCfg = Release|Win32
		{5A7EEABC-4745-3D79-9FF6-DB4EC4E73655}.Release|Win32.Build.0 = Release|Win32
		{5A7EEABC-4745-3D79-9FF6-DB4EC4E73655}.MinSizeRel|Win32.ActiveCfg = MinSizeRel|Win32
		{5A7EEABC-4745-3D79-9FF6-DB4EC4E73655}.MinSizeRel|Win32.Build.0 = MinSizeRel|Win32
		{5A7EEABC-4745-3D79-9FF6-DB4EC4E73655}.RelWithDebInfo|Win32.ActiveCfg = RelWithDebInfo|Win32
		{5A7EEABC-4745-3D79-9FF6-DB4EC4E73655}.RelWithDebInfo|Win32.Build.0 = RelWithDebInfo|Win32
		{08AD1D95-2749-35C6-9090-756133149758}.Debug|Win32.ActiveCfg = Debug|Win32
		{08AD1D95-2749-35C6-9090-756133149758}.Debug|Win32.Build.0 = Debug|Win32
		{08AD1D95-2749-35C6-9090-756133149758}.Release|Win32.ActiveCfg = Release|Win32
		{08AD1D95-2749-35C6-9090-756133149758}.Release|Win32.Build.0 = Release|Win32
		{08AD1D95-2749-35C6-9090-756133149758}.MinSizeRel|Win32.ActiveCfg = MinSizeRel|Win32
		{08AD1D95-2749-35C6-9090-756133149758}.MinSizeRel|Win32.Build.0 = MinSizeRel|Win32
		{08AD1D95-2749-35C6-9090-756133149758}.RelWithDebInfo|Win32.ActiveCfg = RelWithDebInfo|Win32
		{08AD1D95-2749-35C6-9090-756133149758}.RelWithDebInfo|Win32.Build.0 = RelWithDebInfo|Win32
		{B04DC746-EF35-317F-ADFE-8D7D8EE02BB7}.Debug|Win32.ActiveCfg = Debug|Win32
		{B04DC746-EF35-317F-ADFE-8D7D8EE02BB7}.Debug|Win32.Build.0 = Debug|Win32
		{B04DC746-EF35-317F-ADFE-8D7D8EE02BB7}.Release|Win32.ActiveCfg = Release|Win32
		{B04DC746-EF35-317F-ADFE-8D7D8EE02BB7}.Release|Win32.Build.0 = Release|Win32
		{B04DC746-EF35-317F-ADFE-8D7D8EE02BB7}.MinSizeRel|Win32.ActiveCfg = MinSizeRel|Win32
		{B04DC746-EF35-317F-ADFE-8D7D8EE02BB7}.MinSizeRel|Win32.Build.0 = MinSizeRel|Win32
		{B04DC746-EF35-317F-ADFE-8D7D8EE02BB7}.RelWithDebInfo|Win32.ActiveCfg = RelWithDebInfo|Win32
		{B04DC746-EF35-317F-ADFE-8D7D8EE02BB7}.RelWithDebInfo|Win32.Build.0 = RelWithDebInfo|Win32
		{C10051E8-B0A1-3AB6-9584-242F922A39EB}.Debug|Win32.ActiveCfg = Debug|Win32
		{C10051E8-B0A1-3AB6-9584-242F922A39EB}.Debug|Win32.Build.0 = Debug|Win32
		{C10051E8-B0A1-3AB6-9584-242F922A39EB}.Release|Win32.ActiveCfg = Release|Win32
		{C10051E8-B0A1-3AB6-9584-242F922A39EB}.Release|Win32.Build.0 = Release|Win32
		{C10051E8-B0A1-3AB6-9584-242F922A39EB}.MinSizeRel|Win32.ActiveCfg = MinSizeRel|Win32
		{C10051E8-B0A1-3AB6-9584-242F922A39EB}.MinSizeRel|Win32.Build.0 = MinSizeRel|Win32
		{C10051E8-B0A1-3AB6-9584-242F922A39EB}.RelWithDebInfo|Win32.ActiveCfg = RelWithDebInfo|Win32
		{C10051E8-B0A1-3AB6-9584-242F922A39EB}.RelWithDebInfo|Win32.Build.0 = RelWithDebInfo|Win32
		{5D360A2C-1074-35E2-A970-E3A99635F216}.Debug|Win32.ActiveCfg = Debug|Win32
		{5D360A2C-1074-35E2-A970-E3A99635F216}.Debug|Win32.Build.0 = Debug|Win32
		{5D360A2C-1074-35E2-A970-E3A99635F216}.Release|Win32.ActiveCfg = Release|Win32
		{5D360A2C-1074-35E2-A970-E3A99635F216}.Release|Win32.Build.0 = Release|Win32
		{5D360A2C-1074-35E2-A970-E3A99635F216}.MinSizeRel|Win32.ActiveCfg = MinSizeRel|Win32
		{5D360A2C-1074-35E2-A970-E3A99635F216}.MinSizeRel|Win32.Build.0 = MinSizeRel|Win32
		{5D360A2C-1074-35E2-A970-E3A99635F216}.RelWithDebInfo|Win32.ActiveCfg = RelWithDebInfo|Win32
		{5D360A2C-1074-35E2-A970-E3A99635F216}.RelWithDebInfo|Win32.Build.0 = RelWithDebInfo|Win32
		{2683AB32-A119-32B6-930D-ED6AEEDAD7BE}.Debug|Win32.ActiveCfg = Debug|Win32
		{2683AB32-A119-32B6-930D-ED6AEEDAD7BE}.Debug|Win32.Build.0 = Debug|Win32
		{2683AB32-A119-32B6-930D-ED6AEEDAD7BE}.Release|Win32.ActiveCfg = Release|Win32
		{2683AB32-A119-32B6-930D-ED6AEEDAD7BE}.Release|Win32.Build.0 = Release|Win32
		{2683AB32-A119-32B6-930D-ED6AEEDAD7BE}.MinSizeRel|Win32.ActiveCfg = MinSizeRel|Win32
		{2683AB32-A119-32B6-930D-ED6AEEDAD7BE}.MinSizeRel|Win32.Build.0 = MinSizeRel|Win32
		{2683AB32-A119-32B6-930D-ED6AEEDAD7BE}.RelWithDebInfo|Win32.ActiveCfg = RelWithDebInfo|Win32
		{2683AB32-A119-32B6-930D-ED6AEEDAD7BE}.RelWithDebInfo|Win32.Build.0 = RelWithDebInfo|Win32
		{0017F25A-805B-3BE9-92A4-1F56737FA581}.Debug|Win32.ActiveCfg = Debug|Win32
		{0017F25A-805B-3BE9-92A4-1F56737FA581}.Debug|Win32.Build.0 = Debug|Win32
		{0017F25A-805B-3BE9-92A4-1F56737FA581}.Release|Win32.ActiveCfg = Release|Win32
		{0017F25A-805B-3BE9-92A4-1F56737FA581}.Release|Win32.Build.0 = Release|Win32
		{0017F25A-805B-3BE9-92A4-1F56737FA581}.MinSizeRel|Win32.ActiveCfg = MinSizeRel|Win32
		{0017F25A-805B-3BE9-92A4-1F56737FA581}.MinSizeRel|Win32.Build.0 = MinSizeRel|Win32
		{0017F25A-805B-3BE9-92A4-1F56737FA581}.RelWithDebInfo|Win32.ActiveCfg = RelWithDebInfo|Win32
		{0017F25A-805B-3BE9-92A4-1F56737FA581}.RelWithDebInfo|Win32.Build.0 = RelWithDebInfo|Win32
		{F07A23C3-2FC8-39F7-AC79-8D8A2997C39E}.Debug|Win32.ActiveCfg = Debug|Win32
		{F07A23C3-2FC8-39F7-AC79-8D8A2997C39E}.Debug|Win32.Build.0 = Debug|Win32
		{F07A23C3-2FC8-39F7-AC79-8D8A2997C39E}.Release|Win32.ActiveCfg = Release|Win32
		{F07A23C3-2FC8-39F7-AC79-8D8A2997C39E}.Release|Win32.Build.0 = Release|Win32
		{F07A23C3-2FC8-39F7-AC79-8D8A2997C39E}.MinSizeRel|Win32.ActiveCfg = MinSizeRel|Win32
		{F07A23C3-2FC8-39F7-AC79-8D8A2997C39E}.MinSizeRel|Win32.Build.0 = MinSizeRel|Win32
		{F07A23C3-2FC8-39F7-AC79-8D8A2997C39E}.RelWithDebInfo|Win32.ActiveCfg = RelWithDebInfo|Win32
		{F07A23C3-2FC8-39F7-AC79-8D8A2997C39E}.RelWithDebInfo|Win32.Build.0 = RelWithDebInfo|Win32
		{01E86AA8-B72F-384D-8F46-C9FA56FBE309}.Debug|Win32.ActiveCfg = Debug|Win32
		{01E86AA8-B72F-384D-8F46-C9FA56FBE309}.Debug|Win32.Build.0 = Debug|Win32
		{01E86AA8-B72F-384D-8F46-C9FA56FBE309}.Release|Win32.ActiveCfg = Release|Win32
		{01E86AA8-B72F-384D-8F46-C9FA56FBE309}.Release|Win32.Build.0 = Release|Win32
		{01E86AA8-B72F-384D-8F46-C9FA56FBE309}.MinSizeRel|Win32.ActiveCfg = MinSizeRel|Win32
		{01E86AA8-B72F-384D-8F46-C9FA56FBE309}.MinSizeRel|Win32.Build.0 = MinSizeRel|Win32
		{01E86AA8-B72F-384D-8F46-C9FA56FBE309}.RelWithDebInfo|Win32.ActiveCfg = RelWithDebInfo|Win32
		{01E86AA8-B72F-384D-8F46-C9FA56FBE309}.RelWithDebInfo|Win32.Build.0 = RelWithDebInfo|Win32
		{0E532A11-B46B-3A17-BD2B-62AC858EA333}.Debug|Win32.ActiveCfg = Debug|Win32
		{0E532A11-B46B-3A17-BD2B-62AC858EA333}.Debug|Win32.Build.0 = Debug|Win32
		{0E532A11-B46B-3A17-BD2B-62AC858EA333}.Release|Win32.ActiveCfg = Release|Win32
		{0E532A11-B46B-3A17-BD2B-62AC858EA333}.Release|Win32.Build.0 = Release|Win32
		{0E532A11-B46B-3A17-BD2B-62AC858EA333}.MinSizeRel|Win32.ActiveCfg = MinSizeRel|Win32
		{0E532A11-B46B-3A17-BD2B-62AC858EA333}.MinSizeRel|Win32.Build.0 = MinSizeRel|Win32
		{0E532A11-B46B-3A17-BD2B-62AC858EA333}.RelWithDebInfo|Win32.ActiveCfg = RelWithDebInfo|Win32
		{0E532A11-B46B-3A17-BD2B-62AC858EA333}.RelWithDebInfo|Win32.Build.0 = RelWithDebInfo|Win32
		{79A32A01-1BE1-3F42-A7FA-A0840A728B79}.Debug|Win32.ActiveCfg = Debug|Win32
		{79A32A01-1BE1-3F42-A7FA-A0840A728B79}.Debug|Win32.Build.0 = Debug|Win32
		{79A32A01-1BE1-3F42-A7FA-A0840A728B79}.Release|Win32.ActiveCfg = Release|Win32
		{79A32A01-1BE1-3F42-A7FA-A0840A728B79}.Release|Win32.Build.0 = Release|Win32
		{79A32A01-1BE1-3F42-A7FA-A0840A728B79}.MinSizeRel|Win32.ActiveCfg = MinSizeRel|Win32
		{79A32A01-1BE1-3F42-A7FA-A0840A728B79}.MinSizeRel|Win32.Build.0 = MinSizeRel|Win32
		{79A32A01-1BE1-3F42-A7FA-A0840A728B79}.RelWithDebInfo|Win32.ActiveCfg = RelWithDebInfo|Win32
		{79A32A01-1BE1-3F42-A7FA-A0840A728B79}.RelWithDebInfo|Win32.Build.0 = RelWithDebInfo|Win32
		{762CC6CC-BA18-3FD0-B5FE-8084294D1D4C}.Debug|Win32.ActiveCfg = Debug|Win32
		{762CC6CC-BA18-3FD0-B5FE-8084294D1D4C}.Debug|Win32.Build.0 = Debug|Win32
		{762CC6CC-BA18-3FD0-B5FE-8084294D1D4C}.Release|Win32.ActiveCfg = Release|Win32
		{762CC6CC-BA18-3FD0-B5FE-8084294D1D4C}.Release|Win32.Build.0 = Release|Win32
		{762CC6CC-BA18-3FD0-B5FE-8084294D1D4C}.MinSizeRel|Win32.ActiveCfg = MinSizeRel|Win32
		{762CC6CC-BA18-3FD0-B5FE-8084294D1D4C}.MinSizeRel|Win32.Build.0 = MinSizeRel|Win32
		{762CC6CC-BA18-3FD0-B5FE-8084294D1D4C}.RelWithDebInfo|Win32.ActiveCfg = RelWithDebInfo|Win32
		{762CC6CC-BA18-3FD0-B5FE-8084294D1D4C}.RelWithDebInfo|Win32.Build.0 = RelWithDebInfo|Win32
		{726BA7F6-3062-322A-B365-FA69894695AA}.Debug|Win32.ActiveCfg = Debug|Win32
		{726BA7F6-3062-322A-B365-FA69894695AA}.Debug|Win32.Build.0 = Debug|Win32
		{726BA7F6-3062-322A-B365-FA69894695AA}.Release|Win32.ActiveCfg = Release|Win32
		{726BA7F6-3062-322A-B365-FA69894695AA}.Release|Win32.Build.0 = Release|Win32
		{726BA7F6-3062-322A-B365-FA69894695AA}.MinSizeRel|Win32.ActiveCfg = MinSizeRel|Win32
		{726BA7F6-3062-322A-B365-FA69894695AA}.MinSizeRel|Win32.Build.0 = MinSizeRel|Win32
		{726BA7F6-3062-322A-B365-FA69894695AA}.RelWithDebInfo|Win32.ActiveCfg = RelWithDebInfo|Win32
		{726BA7F6-3062-322A-B365-FA69894695AA}.RelWithDebInfo|Win32.Build.0 = RelWithDebInfo|Win32
		{9EF31946-26E1-3924-8F12-FBB72D704666}.Debug|Win32.ActiveCfg = Debug|Win32
		{9EF31946-26E1-3924-8F12-FBB72D704666}.Debug|Win32.Build.0 = Debug|Win32
		{9EF31946-26E1-3924-8F12-FBB72D704666}.Release|Win32.ActiveCfg = Release|Win32
		{9EF31946-26E1-3924-8F12-FBB72D704666}.Release|Win32.Build.0 = Release|Win32
		{9EF31946-26E1-3924-8F12-FBB72D704666}.MinSizeRel|Win32.ActiveCfg = MinSizeRel|Win32
		{9EF31946-26E1-3924-8F12-FBB72D704666}.MinSizeRel|Win32.Build.0 = MinSizeRel|Win32
		{9EF31946-26E1-3924-8F12-FBB72D704666}.RelWithDebInfo|Win32.ActiveCfg = RelWithDebInfo|Win32
		{9EF31946-26E1-3924-8F12-FBB72D704666}.RelWithDebInfo|Win32.Build.0 = RelWithDebInfo|Win32
		{6BFC7F68-212C-381A-8FB8-4B8E3D6E647A}.Debug|Win32.ActiveCfg = Debug|Win32
		{6BFC7F68-212C-381A-8FB8-4B8E3D6E647A}.Release|Win32.ActiveCfg = Release|Win32
		{6BFC7F68-212C-381A-8FB8-4B8E3D6E647A}.MinSizeRel|Win32.ActiveCfg = MinSizeRel|Win32
		{6BFC7F68-212C-381A-8FB8-4B8E3D6E647A}.RelWithDebInfo|Win32.ActiveCfg = RelWithDebInfo|Win32
		{23ADE82F-332D-358B-B5D6-06DBB2D85DCE}.Debug|Win32.ActiveCfg = Debug|Win32
		{23ADE82F-332D-358B-B5D6-06DBB2D85DCE}.Debug|Win32.Build.0 = Debug|Win32
		{23ADE82F-332D-358B-B5D6-06DBB2D85DCE}.Release|Win32.ActiveCfg = Release|Win32
		{23ADE82F-332D-358B-B5D6-06DBB2D85DCE}.Release|Win32.Build.0 = Release|Win32
		{23ADE82F-332D-358B-B5D6-06DBB2D85DCE}.MinSizeRel|Win32.ActiveCfg = MinSizeRel|Win32
		{23ADE82F-332D-358B-B5D6-06DBB2D85DCE}.MinSizeRel|Win32.Build.0 = MinSizeRel|Win32
		{23ADE82F-332D-358B-B5D6-06DBB2D85DCE}.RelWithDebInfo|Win32.ActiveCfg = RelWithDebInfo|Win32
		{23ADE82F-332D-358B-B5D6-06DBB2D85DCE}.RelWithDebInfo|Win32.Build.0 = RelWithDebInfo|Win32
		{3A35FDD3-69D0-3BF6-A6CA-17EE9DC376A3}.Debug|Win32.ActiveCfg = Debug|Win32
		{3A35FDD3-69D0-3BF6-A6CA-17EE9DC376A3}.Debug|Win32.Build.0 = Debug|Win32
		{3A35FDD3-69D0-3BF6-A6CA-17EE9DC376A3}.Release|Win32.ActiveCfg = Release|Win32
		{3A35FDD3-69D0-3BF6-A6CA-17EE9DC376A3}.Release|Win32.Build.0 = Release|Win32
		{3A35FDD3-69D0-3BF6-A6CA-17EE9DC376A3}.MinSizeRel|Win32.ActiveCfg = MinSizeRel|Win32
		{3A35FDD3-69D0-3BF6-A6CA-17EE9DC376A3}.MinSizeRel|Win32.Build.0 = MinSizeRel|Win32
		{3A35FDD3-69D0-3BF6-A6CA-17EE9DC376A3}.RelWithDebInfo|Win32.ActiveCfg = RelWithDebInfo|Win32
		{3A35FDD3-69D0-3BF6-A6CA-17EE9DC376A3}.RelWithDebInfo|Win32.Build.0 = RelWithDebInfo|Win32
		{BC548D5A-5668-325E-8E32-BD59B0D5E8AD}.Debug|Win32.ActiveCfg = Debug|Win32
		{BC548D5A-5668-325E-8E32-BD59B0D5E8AD}.Debug|Win32.Build.0 = Debug|Win32
		{BC548D5A-5668-325E-8E32-BD59B0D5E8AD}.Release|Win32.ActiveCfg = Release|Win32
		{BC548D5A-5668-325E-8E32-BD59B0D5E8AD}.Release|Win32.Build.0 = Release|Win32
		{BC548D5A-5668-325E-8E32-BD59B0D5E8AD}.MinSizeRel|Win32.ActiveCfg = MinSizeRel|Win32
		{BC548D5A-5668-325E-8E32-BD59B0D5E8AD}.MinSizeRel|Win32.Build.0 = MinSizeRel|Win32
		{BC548D5A-5668-325E-8E32-BD59B0D5E8AD}.RelWithDebInfo|Win32.ActiveCfg = RelWithDebInfo|Win32
		{BC548D5A-5668-325E-8E32-BD59B0D5E8AD}.RelWithDebInfo|Win32.Build.0 = RelWithDebInfo|Win32
		{4E00D133-74C3-344B-B5F9-133C0A75974E}.Debug|Win32.ActiveCfg = Debug|Win32
		{4E00D133-74C3-344B-B5F9-133C0A75974E}.Debug|Win32.Build.0 = Debug|Win32
		{4E00D133-74C3-344B-B5F9-133C0A75974E}.Release|Win32.ActiveCfg = Release|Win32
		{4E00D133-74C3-344B-B5F9-133C0A75974E}.Release|Win32.Build.0 = Release|Win32
		{4E00D133-74C3-344B-B5F9-133C0A75974E}.MinSizeRel|Win32.ActiveCfg = MinSizeRel|Win32
		{4E00D133-74C3-344B-B5F9-133C0A75974E}.MinSizeRel|Win32.Build.0 = MinSizeRel|Win32
		{4E00D133-74C3-344B-B5F9-133C0A75974E}.RelWithDebInfo|Win32.ActiveCfg = RelWithDebInfo|Win32
		{4E00D133-74C3-344B-B5F9-133C0A75974E}.RelWithDebInfo|Win32.Build.0 = RelWithDebInfo|Win32
		{937CAB7B-9C7E-3A11-AAC7-E4BA6F35EDB7}.Debug|Win32.ActiveCfg = Debug|Win32
		{937CAB7B-9C7E-3A11-AAC7-E4BA6F35EDB7}.Debug|Win32.Build.0 = Debug|Win32
		{937CAB7B-9C7E-3A11-AAC7-E4BA6F35EDB7}.Release|Win32.ActiveCfg = Release|Win32
		{937CAB7B-9C7E-3A11-AAC7-E4BA6F35EDB7}.Release|Win32.Build.0 = Release|Win32
		{937CAB7B-9C7E-3A11-AAC7-E4BA6F35EDB7}.MinSizeRel|Win32.ActiveCfg = MinSizeRel|Win32
		{937CAB7B-9C7E-3A11-AAC7-E4BA6F35EDB7}.MinSizeRel|Win32.Build.0 = MinSizeRel|Win32
		{937CAB7B-9C7E-3A11-AAC7-E4BA6F35EDB7}.RelWithDebInfo|Win32.ActiveCfg = RelWithDebInfo|Win32
		{937CAB7B-9C7E-3A11-AAC7-E4BA6F35EDB7}.RelWithDebInfo|Win32.Build.0 = RelWithDebInfo|Win32
		{CA4063AC-3FB9-38CC-89EE-F104BB4ECC75}.Debug|Win32.ActiveCfg = Debug|Win32
		{CA4063AC-3FB9-38CC-89EE-F104BB4ECC75}.Debug|Win32.Build.0 = Debug|Win32
		{CA4063AC-3FB9-38CC-89EE-F104BB4ECC75}.Release|Win32.ActiveCfg = Release|Win32
		{CA4063AC-3FB9-38CC-89EE-F104BB4ECC75}.Release|Win32.Build.0 = Release|Win32
		{CA4063AC-3FB9-38CC-89EE-F104BB4ECC75}.MinSizeRel|Win32.ActiveCfg = MinSizeRel|Win32
		{CA4063AC-3FB9-38CC-89EE-F104BB4ECC75}.MinSizeRel|Win32.Build.0 = MinSizeRel|Win32
		{CA4063AC-3FB9-38CC-89EE-F104BB4ECC75}.RelWithDebInfo|Win32.ActiveCfg = RelWithDebInfo|Win32
		{CA4063AC-3FB9-38CC-89EE-F104BB4ECC75}.RelWithDebInfo|Win32.Build.0 = RelWithDebInfo|Win32
		{98F55BED-0698-3F40-8274-969C634E5065}.Debug|Win32.ActiveCfg = Debug|Win32
		{98F55BED-0698-3F40-8274-969C634E5065}.Debug|Win32.Build.0 = Debug|Win32
		{98F55BED-0698-3F40-8274-969C634E5065}.Release|Win32.ActiveCfg = Release|Win32
		{98F55BED-0698-3F40-8274-969C634E5065}.Release|Win32.Build.0 = Release|Win32
		{98F55BED-0698-3F40-8274-969C634E5065}.MinSizeRel|Win32.ActiveCfg = MinSizeRel|Win32
		{98F55BED-0698-3F40-8274-969C634E5065}.MinSizeRel|Win32.Build.0 = MinSizeRel|Win32
		{98F55BED-0698-3F40-8274-969C634E5065}.RelWithDebInfo|Win32.ActiveCfg = RelWithDebInfo|Win32
		{98F55BED-0698-3F40-8274-969C634E5065}.RelWithDebInfo|Win32.Build.0 = RelWithDebInfo|Win32
		{9605D5BE-7DF4-3E80-A206-9B49D6F8BF91}.Debug|Win32.ActiveCfg = Debug|Win32
		{9605D5BE-7DF4-3E80-A206-9B49D6F8BF91}.Debug|Win32.Build.0 = Debug|Win32
		{9605D5BE-7DF4-3E80-A206-9B49D6F8BF91}.Release|Win32.ActiveCfg = Release|Win32
		{9605D5BE-7DF4-3E80-A206-9B49D6F8BF91}.Release|Win32.Build.0 = Release|Win32
		{9605D5BE-7DF4-3E80-A206-9B49D6F8BF91}.MinSizeRel|Win32.ActiveCfg = MinSizeRel|Win32
		{9605D5BE-7DF4-3E80-A206-9B49D6F8BF91}.MinSizeRel|Win32.Build.0 = MinSizeRel|Win32
		{9605D5BE-7DF4-3E80-A206-9B49D6F8BF91}.RelWithDebInfo|Win32.ActiveCfg = RelWithDebInfo|Win32
		{9605D5BE-7DF4-3E80-A206-9B49D6F8BF91}.RelWithDebInfo|Win32.Build.0 = RelWithDebInfo|Win32
		{168443ED-B519-3F38-9AB7-094BBC505932}.Debug|Win32.ActiveCfg = Debug|Win32
		{168443ED-B519-3F38-9AB7-094BBC505932}.Debug|Win32.Build.0 = Debug|Win32
		{168443ED-B519-3F38-9AB7-094BBC505932}.Release|Win32.ActiveCfg = Release|Win32
		{168443ED-B519-3F38-9AB7-094BBC505932}.Release|Win32.Build.0 = Release|Win32
		{168443ED-B519-3F38-9AB7-094BBC505932}.MinSizeRel|Win32.ActiveCfg = MinSizeRel|Win32
		{168443ED-B519-3F38-9AB7-094BBC505932}.MinSizeRel|Win32.Build.0 = MinSizeRel|Win32
		{168443ED-B519-3F38-9AB7-094BBC505932}.RelWithDebInfo|Win32.ActiveCfg = RelWithDebInfo|Win32
		{168443ED-B519-3F38-9AB7-094BBC505932}.RelWithDebInfo|Win32.Build.0 = RelWithDebInfo|Win32
		{5CE6E9F8-16F9-3BDB-8C64-C2A1D0634C43}.Debug|Win32.ActiveCfg = Debug|Win32
		{5CE6E9F8-16F9-3BDB-8C64-C2A1D0634C43}.Debug|Win32.Build.0 = Debug|Win32
		{5CE6E9F8-16F9-3BDB-8C64-C2A1D0634C43}.Release|Win32.ActiveCfg = Release|Win32
		{5CE6E9F8-16F9-3BDB-8C64-C2A1D0634C43}.Release|Win32.Build.0 = Release|Win32
		{5CE6E9F8-16F9-3BDB-8C64-C2A1D0634C43}.MinSizeRel|Win32.ActiveCfg = MinSizeRel|Win32
		{5CE6E9F8-16F9-3BDB-8C64-C2A1D0634C43}.MinSizeRel|Win32.Build.0 = MinSizeRel|Win32
		{5CE6E9F8-16F9-3BDB-8C64-C2A1D0634C43}.RelWithDebInfo|Win32.ActiveCfg = RelWithDebInfo|Win32
		{5CE6E9F8-16F9-3BDB-8C64-C2A1D0634C43}.RelWithDebInfo|Win32.Build.0 = RelWithDebInfo|Win32
		{489D3755-342F-30AE-883E-3C3C011DB18A}.Debug|Win32.ActiveCfg = Debug|Win32
		{489D3755-342F-30AE-883E-3C3C011DB18A}.Debug|Win32.Build.0 = Debug|Win32
		{489D3755-342F-30AE-883E-3C3C011DB18A}.Release|Win32.ActiveCfg = Release|Win32
		{489D3755-342F-30AE-883E-3C3C011DB18A}.Release|Win32.Build.0 = Release|Win32
		{489D3755-342F-30AE-883E-3C3C011DB18A}.MinSizeRel|Win32.ActiveCfg = MinSizeRel|Win32
		{489D3755-342F-30AE-883E-3C3C011DB18A}.MinSizeRel|Win32.Build.0 = MinSizeRel|Win32
		{489D3755-342F-30AE-883E-3C3C011DB18A}.RelWithDebInfo|Win32.ActiveCfg = RelWithDebInfo|Win32
		{489D3755-342F-30AE-883E-3C3C011DB18A}.RelWithDebInfo|Win32.Build.0 = RelWithDebInfo|Win32
		{8A1F2B24-ED8A-31F3-B1A1-720B71F91D8B}.Debug|Win32.ActiveCfg = Debug|Win32
		{8A1F2B24-ED8A-31F3-B1A1-720B71F91D8B}.Debug|Win32.Build.0 = Debug|Win32
		{8A1F2B24-ED8A-31F3-B1A1-720B71F91D8B}.Release|Win32.ActiveCfg = Release|Win32
		{8A1F2B24-ED8A-31F3-B1A1-720B71F91D8B}.Release|Win32.Build.0 = Release|Win32
		{8A1F2B24-ED8A-31F3-B1A1-720B71F91D8B}.MinSizeRel|Win32.ActiveCfg = MinSizeRel|Win32
		{8A1F2B24-ED8A-31F3-B1A1-720B71F91D8B}.MinSizeRel|Win32.Build.0 = MinSizeRel|Win32
		{8A1F2B24-ED8A-31F3-B1A1-720B71F91D8B}.RelWithDebInfo|Win32.ActiveCfg = RelWithDebInfo|Win32
		{8A1F2B24-ED8A-31F3-B1A1-720B71F91D8B}.RelWithDebInfo|Win32.Build.0 = RelWithDebInfo|Win32
		{050046B2-F0F4-3BC1-B72A-A6B7C64D923F}.Debug|Win32.ActiveCfg = Debug|Win32
		{050046B2-F0F4-3BC1-B72A-A6B7C64D923F}.Debug|Win32.Build.0 = Debug|Win32
		{050046B2-F0F4-3BC1-B72A-A6B7C64D923F}.Release|Win32.ActiveCfg = Release|Win32
		{050046B2-F0F4-3BC1-B72A-A6B7C64D923F}.Release|Win32.Build.0 = Release|Win32
		{050046B2-F0F4-3BC1-B72A-A6B7C64D923F}.MinSizeRel|Win32.ActiveCfg = MinSizeRel|Win32
		{050046B2-F0F4-3BC1-B72A-A6B7C64D923F}.MinSizeRel|Win32.Build.0 = MinSizeRel|Win32
		{050046B2-F0F4-3BC1-B72A-A6B7C64D923F}.RelWithDebInfo|Win32.ActiveCfg = RelWithDebInfo|Win32
		{050046B2-F0F4-3BC1-B72A-A6B7C64D923F}.RelWithDebInfo|Win32.Build.0 = RelWithDebInfo|Win32
		{1DD52097-8640-362E-B2C0-C77BA20F1EF4}.Debug|Win32.ActiveCfg = Debug|Win32
		{1DD52097-8640-362E-B2C0-C77BA20F1EF4}.Debug|Win32.Build.0 = Debug|Win32
		{1DD52097-8640-362E-B2C0-C77BA20F1EF4}.Release|Win32.ActiveCfg = Release|Win32
		{1DD52097-8640-362E-B2C0-C77BA20F1EF4}.Release|Win32.Build.0 = Release|Win32
		{1DD52097-8640-362E-B2C0-C77BA20F1EF4}.MinSizeRel|Win32.ActiveCfg = MinSizeRel|Win32
		{1DD52097-8640-362E-B2C0-C77BA20F1EF4}.MinSizeRel|Win32.Build.0 = MinSizeRel|Win32
		{1DD52097-8640-362E-B2C0-C77BA20F1EF4}.RelWithDebInfo|Win32.ActiveCfg = RelWithDebInfo|Win32
		{1DD52097-8640-362E-B2C0-C77BA20F1EF4}.RelWithDebInfo|Win32.Build.0 = RelWithDebInfo|Win32
		{78BE4055-C1B8-3CF2-9B41-B0509D669AEA}.Debug|Win32.ActiveCfg = Debug|Win32
		{78BE4055-C1B8-3CF2-9B41-B0509D669AEA}.Debug|Win32.Build.0 = Debug|Win32
		{78BE4055-C1B8-3CF2-9B41-B0509D669AEA}.Release|Win32.ActiveCfg = Release|Win32
		{78BE4055-C1B8-3CF2-9B41-B0509D669AEA}.Release|Win32.Build.0 = Release|Win32
		{78BE4055-C1B8-3CF2-9B41-B0509D669AEA}.MinSizeRel|Win32.ActiveCfg = MinSizeRel|Win32
		{78BE4055-C1B8-3CF2-9B41-B0509D669AEA}.MinSizeRel|Win32.Build.0 = MinSizeRel|Win32
		{78BE4055-C1B8-3CF2-9B41-B0509D669AEA}.RelWithDebInfo|Win32.ActiveCfg = RelWithDebInfo|Win32
		{78BE4055-C1B8-3CF2-9B41-B0509D669AEA}.RelWithDebInfo|Win32.Build.0 = RelWithDebInfo|Win32
		{854BF698-01B0-3A9D-B8A8-F026310019CE}.Debug|Win32.ActiveCfg = Debug|Win32
		{854BF698-01B0-3A9D-B8A8-F026310019CE}.Debug|Win32.Build.0 = Debug|Win32
		{854BF698-01B0-3A9D-B8A8-F026310019CE}.Release|Win32.ActiveCfg = Release|Win32
		{854BF698-01B0-3A9D-B8A8-F026310019CE}.Release|Win32.Build.0 = Release|Win32
		{854BF698-01B0-3A9D-B8A8-F026310019CE}.MinSizeRel|Win32.ActiveCfg = MinSizeRel|Win32
		{854BF698-01B0-3A9D-B8A8-F026310019CE}.MinSizeRel|Win32.Build.0 = MinSizeRel|Win32
		{854BF698-01B0-3A9D-B8A8-F026310019CE}.RelWithDebInfo|Win32.ActiveCfg = RelWithDebInfo|Win32
		{854BF698-01B0-3A9D-B8A8-F026310019CE}.RelWithDebInfo|Win32.Build.0 = RelWithDebInfo|Win32
		{192BB843-AE29-3B87-8495-6DDBD3B0A825}.Debug|Win32.ActiveCfg = Debug|Win32
		{192BB843-AE29-3B87-8495-6DDBD3B0A825}.Debug|Win32.Build.0 = Debug|Win32
		{192BB843-AE29-3B87-8495-6DDBD3B0A825}.Release|Win32.ActiveCfg = Release|Win32
		{192BB843-AE29-3B87-8495-6DDBD3B0A825}.Release|Win32.Build.0 = Release|Win32
		{192BB843-AE29-3B87-8495-6DDBD3B0A825}.MinSizeRel|Win32.ActiveCfg = MinSizeRel|Win32
		{192BB843-AE29-3B87-8495-6DDBD3B0A825}.MinSizeRel|Win32.Build.0 = MinSizeRel|Win32
		{192BB843-AE29-3B87-8495-6DDBD3B0A825}.RelWithDebInfo|Win32.ActiveCfg = RelWithDebInfo|Win32
		{192BB843-AE29-3B87-8495-6DDBD3B0A825}.RelWithDebInfo|Win32.Build.0 = RelWithDebInfo|Win32
		{2CB67416-0286-37FE-A59A-3346B019FE59}.Debug|Win32.ActiveCfg = Debug|Win32
		{2CB67416-0286-37FE-A59A-3346B019FE59}.Debug|Win32.Build.0 = Debug|Win32
		{2CB67416-0286-37FE-A59A-3346B019FE59}.Release|Win32.ActiveCfg = Release|Win32
		{2CB67416-0286-37FE-A59A-3346B019FE59}.Release|Win32.Build.0 = Release|Win32
		{2CB67416-0286-37FE-A59A-3346B019FE59}.MinSizeRel|Win32.ActiveCfg = MinSizeRel|Win32
		{2CB67416-0286-37FE-A59A-3346B019FE59}.MinSizeRel|Win32.Build.0 = MinSizeRel|Win32
		{2CB67416-0286-37FE-A59A-3346B019FE59}.RelWithDebInfo|Win32.ActiveCfg = RelWithDebInfo|Win32
		{2CB67416-0286-37FE-A59A-3346B019FE59}.RelWithDebInfo|Win32.Build.0 = RelWithDebInfo|Win32
		{DF4586A7-A921-34CF-9ECB-D6F48B61D39A}.Debug|Win32.ActiveCfg = Debug|Win32
		{DF4586A7-A921-34CF-9ECB-D6F48B61D39A}.Debug|Win32.Build.0 = Debug|Win32
		{DF4586A7-A921-34CF-9ECB-D6F48B61D39A}.Release|Win32.ActiveCfg = Release|Win32
		{DF4586A7-A921-34CF-9ECB-D6F48B61D39A}.Release|Win32.Build.0 = Release|Win32
		{DF4586A7-A921-34CF-9ECB-D6F48B61D39A}.MinSizeRel|Win32.ActiveCfg = MinSizeRel|Win32
		{DF4586A7-A921-34CF-9ECB-D6F48B61D39A}.MinSizeRel|Win32.Build.0 = MinSizeRel|Win32
		{DF4586A7-A921-34CF-9ECB-D6F48B61D39A}.RelWithDebInfo|Win32.ActiveCfg = RelWithDebInfo|Win32
		{DF4586A7-A921-34CF-9ECB-D6F48B61D39A}.RelWithDebInfo|Win32.Build.0 = RelWithDebInfo|Win32
		{F7BDB8C4-382C-3D6F-B3FC-2B09DBF5561A}.Debug|Win32.ActiveCfg = Debug|Win32
		{F7BDB8C4-382C-3D6F-B3FC-2B09DBF5561A}.Debug|Win32.Build.0 = Debug|Win32
		{F7BDB8C4-382C-3D6F-B3FC-2B09DBF5561A}.Release|Win32.ActiveCfg = Release|Win32
		{F7BDB8C4-382C-3D6F-B3FC-2B09DBF5561A}.Release|Win32.Build.0 = Release|Win32
		{F7BDB8C4-382C-3D6F-B3FC-2B09DBF5561A}.MinSizeRel|Win32.ActiveCfg = MinSizeRel|Win32
		{F7BDB8C4-382C-3D6F-B3FC-2B09DBF5561A}.MinSizeRel|Win32.Build.0 = MinSizeRel|Win32
		{F7BDB8C4-382C-3D6F-B3FC-2B09DBF5561A}.RelWithDebInfo|Win32.ActiveCfg = RelWithDebInfo|Win32
		{F7BDB8C4-382C-3D6F-B3FC-2B09DBF5561A}.RelWithDebInfo|Win32.Build.0 = RelWithDebInfo|Win32
		{DA253EA2-14F1-3363-A63F-B003D00D9ADA}.Debug|Win32.ActiveCfg = Debug|Win32
		{DA253EA2-14F1-3363-A63F-B003D00D9ADA}.Debug|Win32.Build.0 = Debug|Win32
		{DA253EA2-14F1-3363-A63F-B003D00D9ADA}.Release|Win32.ActiveCfg = Release|Win32
		{DA253EA2-14F1-3363-A63F-B003D00D9ADA}.Release|Win32.Build.0 = Release|Win32
		{DA253EA2-14F1-3363-A63F-B003D00D9ADA}.MinSizeRel|Win32.ActiveCfg = MinSizeRel|Win32
		{DA253EA2-14F1-3363-A63F-B003D00D9ADA}.MinSizeRel|Win32.Build.0 = MinSizeRel|Win32
		{DA253EA2-14F1-3363-A63F-B003D00D9ADA}.RelWithDebInfo|Win32.ActiveCfg = RelWithDebInfo|Win32
		{DA253EA2-14F1-3363-A63F-B003D00D9ADA}.RelWithDebInfo|Win32.Build.0 = RelWithDebInfo|Win32
		{44F777E5-C9FF-353F-9EF7-D56794801C91}.Debug|Win32.ActiveCfg = Debug|Win32
		{44F777E5-C9FF-353F-9EF7-D56794801C91}.Debug|Win32.Build.0 = Debug|Win32
		{44F777E5-C9FF-353F-9EF7-D56794801C91}.Release|Win32.ActiveCfg = Release|Win32
		{44F777E5-C9FF-353F-9EF7-D56794801C91}.Release|Win32.Build.0 = Release|Win32
		{44F777E5-C9FF-353F-9EF7-D56794801C91}.MinSizeRel|Win32.ActiveCfg = MinSizeRel|Win32
		{44F777E5-C9FF-353F-9EF7-D56794801C91}.MinSizeRel|Win32.Build.0 = MinSizeRel|Win32
		{44F777E5-C9FF-353F-9EF7-D56794801C91}.RelWithDebInfo|Win32.ActiveCfg = RelWithDebInfo|Win32
		{44F777E5-C9FF-353F-9EF7-D56794801C91}.RelWithDebInfo|Win32.Build.0 = RelWithDebInfo|Win32
		{2017DE1D-A418-38D6-A599-EF1DEED0AF06}.Debug|Win32.ActiveCfg = Debug|Win32
		{2017DE1D-A418-38D6-A599-EF1DEED0AF06}.Debug|Win32.Build.0 = Debug|Win32
		{2017DE1D-A418-38D6-A599-EF1DEED0AF06}.Release|Win32.ActiveCfg = Release|Win32
		{2017DE1D-A418-38D6-A599-EF1DEED0AF06}.Release|Win32.Build.0 = Release|Win32
		{2017DE1D-A418-38D6-A599-EF1DEED0AF06}.MinSizeRel|Win32.ActiveCfg = MinSizeRel|Win32
		{2017DE1D-A418-38D6-A599-EF1DEED0AF06}.MinSizeRel|Win32.Build.0 = MinSizeRel|Win32
		{2017DE1D-A418-38D6-A599-EF1DEED0AF06}.RelWithDebInfo|Win32.ActiveCfg = RelWithDebInfo|Win32
		{2017DE1D-A418-38D6-A599-EF1DEED0AF06}.RelWithDebInfo|Win32.Build.0 = RelWithDebInfo|Win32
	EndGlobalSection
	GlobalSection(ExtensibilityGlobals) = postSolution
		SolutionGuid = {D982BA53-7689-33A9-86F2-96696C235C65}
	EndGlobalSection
	GlobalSection(ExtensibilityAddIns) = postSolution
	EndGlobalSection
EndGlobal
